// !$*UTF8*$!
{
	archiveVersion = 1;
	classes = {
	};
	objectVersion = 50;
	objects = {

/* Begin PBXBuildFile section */
		633A1FC226DFDD9E00962421 /* proun_ios_exercise_swiftuiApp.swift in Sources */ = {isa = PBXBuildFile; fileRef = 633A1FC126DFDD9E00962421 /* proun_ios_exercise_swiftuiApp.swift */; };
		633A1FC426DFDD9E00962421 /* ContentView.swift in Sources */ = {isa = PBXBuildFile; fileRef = 633A1FC326DFDD9E00962421 /* ContentView.swift */; };
		633A1FC626DFDDA000962421 /* Assets.xcassets in Resources */ = {isa = PBXBuildFile; fileRef = 633A1FC526DFDDA000962421 /* Assets.xcassets */; };
		633A1FC926DFDDA000962421 /* Preview Assets.xcassets in Resources */ = {isa = PBXBuildFile; fileRef = 633A1FC826DFDDA000962421 /* Preview Assets.xcassets */; };
		633A1FD426DFDDA000962421 /* proun_ios_exercise_swiftuiTests.swift in Sources */ = {isa = PBXBuildFile; fileRef = 633A1FD326DFDDA000962421 /* proun_ios_exercise_swiftuiTests.swift */; };
		633A1FDF26DFDDA000962421 /* proun_ios_exercise_swiftuiUITests.swift in Sources */ = {isa = PBXBuildFile; fileRef = 633A1FDE26DFDDA000962421 /* proun_ios_exercise_swiftuiUITests.swift */; };
/* End PBXBuildFile section */

/* Begin PBXContainerItemProxy section */
		633A1FD026DFDDA000962421 /* PBXContainerItemProxy */ = {
			isa = PBXContainerItemProxy;
			containerPortal = 633A1FB626DFDD9E00962421 /* Project object */;
			proxyType = 1;
			remoteGlobalIDString = 633A1FBD26DFDD9E00962421;
			remoteInfo = "proun-ios-exercise-swiftui";
		};
		633A1FDB26DFDDA000962421 /* PBXContainerItemProxy */ = {
			isa = PBXContainerItemProxy;
			containerPortal = 633A1FB626DFDD9E00962421 /* Project object */;
			proxyType = 1;
			remoteGlobalIDString = 633A1FBD26DFDD9E00962421;
			remoteInfo = "proun-ios-exercise-swiftui";
		};
/* End PBXContainerItemProxy section */

/* Begin PBXFileReference section */
		633A1FBE26DFDD9E00962421 /* proun-ios-exercise-swiftui.app */ = {isa = PBXFileReference; explicitFileType = wrapper.application; includeInIndex = 0; path = "proun-ios-exercise-swiftui.app"; sourceTree = BUILT_PRODUCTS_DIR; };
		633A1FC126DFDD9E00962421 /* proun_ios_exercise_swiftuiApp.swift */ = {isa = PBXFileReference; lastKnownFileType = sourcecode.swift; path = proun_ios_exercise_swiftuiApp.swift; sourceTree = "<group>"; };
		633A1FC326DFDD9E00962421 /* ContentView.swift */ = {isa = PBXFileReference; lastKnownFileType = sourcecode.swift; path = ContentView.swift; sourceTree = "<group>"; };
		633A1FC526DFDDA000962421 /* Assets.xcassets */ = {isa = PBXFileReference; lastKnownFileType = folder.assetcatalog; path = Assets.xcassets; sourceTree = "<group>"; };
		633A1FC826DFDDA000962421 /* Preview Assets.xcassets */ = {isa = PBXFileReference; lastKnownFileType = folder.assetcatalog; path = "Preview Assets.xcassets"; sourceTree = "<group>"; };
		633A1FCA26DFDDA000962421 /* Info.plist */ = {isa = PBXFileReference; lastKnownFileType = text.plist.xml; path = Info.plist; sourceTree = "<group>"; };
		633A1FCF26DFDDA000962421 /* proun-ios-exercise-swiftuiTests.xctest */ = {isa = PBXFileReference; explicitFileType = wrapper.cfbundle; includeInIndex = 0; path = "proun-ios-exercise-swiftuiTests.xctest"; sourceTree = BUILT_PRODUCTS_DIR; };
		633A1FD326DFDDA000962421 /* proun_ios_exercise_swiftuiTests.swift */ = {isa = PBXFileReference; lastKnownFileType = sourcecode.swift; path = proun_ios_exercise_swiftuiTests.swift; sourceTree = "<group>"; };
		633A1FD526DFDDA000962421 /* Info.plist */ = {isa = PBXFileReference; lastKnownFileType = text.plist.xml; path = Info.plist; sourceTree = "<group>"; };
		633A1FDA26DFDDA000962421 /* proun-ios-exercise-swiftuiUITests.xctest */ = {isa = PBXFileReference; explicitFileType = wrapper.cfbundle; includeInIndex = 0; path = "proun-ios-exercise-swiftuiUITests.xctest"; sourceTree = BUILT_PRODUCTS_DIR; };
		633A1FDE26DFDDA000962421 /* proun_ios_exercise_swiftuiUITests.swift */ = {isa = PBXFileReference; lastKnownFileType = sourcecode.swift; path = proun_ios_exercise_swiftuiUITests.swift; sourceTree = "<group>"; };
		633A1FE026DFDDA000962421 /* Info.plist */ = {isa = PBXFileReference; lastKnownFileType = text.plist.xml; path = Info.plist; sourceTree = "<group>"; };
/* End PBXFileReference section */

/* Begin PBXFrameworksBuildPhase section */
		633A1FBB26DFDD9E00962421 /* Frameworks */ = {
			isa = PBXFrameworksBuildPhase;
			buildActionMask = 2147483647;
			files = (
			);
			runOnlyForDeploymentPostprocessing = 0;
		};
		633A1FCC26DFDDA000962421 /* Frameworks */ = {
			isa = PBXFrameworksBuildPhase;
			buildActionMask = 2147483647;
			files = (
			);
			runOnlyForDeploymentPostprocessing = 0;
		};
		633A1FD726DFDDA000962421 /* Frameworks */ = {
			isa = PBXFrameworksBuildPhase;
			buildActionMask = 2147483647;
			files = (
			);
			runOnlyForDeploymentPostprocessing = 0;
		};
/* End PBXFrameworksBuildPhase section */

/* Begin PBXGroup section */
		633A1FB526DFDD9E00962421 = {
			isa = PBXGroup;
			children = (
				633A1FC026DFDD9E00962421 /* proun-ios-exercise-swiftui */,
				633A1FD226DFDDA000962421 /* proun-ios-exercise-swiftuiTests */,
				633A1FDD26DFDDA000962421 /* proun-ios-exercise-swiftuiUITests */,
				633A1FBF26DFDD9E00962421 /* Products */,
			);
			sourceTree = "<group>";
		};
		633A1FBF26DFDD9E00962421 /* Products */ = {
			isa = PBXGroup;
			children = (
				633A1FBE26DFDD9E00962421 /* proun-ios-exercise-swiftui.app */,
				633A1FCF26DFDDA000962421 /* proun-ios-exercise-swiftuiTests.xctest */,
				633A1FDA26DFDDA000962421 /* proun-ios-exercise-swiftuiUITests.xctest */,
			);
			name = Products;
			sourceTree = "<group>";
		};
		633A1FC026DFDD9E00962421 /* proun-ios-exercise-swiftui */ = {
			isa = PBXGroup;
			children = (
				633A1FC126DFDD9E00962421 /* proun_ios_exercise_swiftuiApp.swift */,
				633A1FC326DFDD9E00962421 /* ContentView.swift */,
				633A1FC526DFDDA000962421 /* Assets.xcassets */,
				633A1FCA26DFDDA000962421 /* Info.plist */,
				633A1FC726DFDDA000962421 /* Preview Content */,
			);
			path = "proun-ios-exercise-swiftui";
			sourceTree = "<group>";
		};
		633A1FC726DFDDA000962421 /* Preview Content */ = {
			isa = PBXGroup;
			children = (
				633A1FC826DFDDA000962421 /* Preview Assets.xcassets */,
			);
			path = "Preview Content";
			sourceTree = "<group>";
		};
		633A1FD226DFDDA000962421 /* proun-ios-exercise-swiftuiTests */ = {
			isa = PBXGroup;
			children = (
				633A1FD326DFDDA000962421 /* proun_ios_exercise_swiftuiTests.swift */,
				633A1FD526DFDDA000962421 /* Info.plist */,
			);
			path = "proun-ios-exercise-swiftuiTests";
			sourceTree = "<group>";
		};
		633A1FDD26DFDDA000962421 /* proun-ios-exercise-swiftuiUITests */ = {
			isa = PBXGroup;
			children = (
				633A1FDE26DFDDA000962421 /* proun_ios_exercise_swiftuiUITests.swift */,
				633A1FE026DFDDA000962421 /* Info.plist */,
			);
			path = "proun-ios-exercise-swiftuiUITests";
			sourceTree = "<group>";
		};
/* End PBXGroup section */

/* Begin PBXNativeTarget section */
		633A1FBD26DFDD9E00962421 /* proun-ios-exercise-swiftui */ = {
			isa = PBXNativeTarget;
			buildConfigurationList = 633A1FE326DFDDA000962421 /* Build configuration list for PBXNativeTarget "proun-ios-exercise-swiftui" */;
			buildPhases = (
				633A1FBA26DFDD9E00962421 /* Sources */,
				633A1FBB26DFDD9E00962421 /* Frameworks */,
				633A1FBC26DFDD9E00962421 /* Resources */,
			);
			buildRules = (
			);
			dependencies = (
			);
			name = "proun-ios-exercise-swiftui";
			productName = "proun-ios-exercise-swiftui";
			productReference = 633A1FBE26DFDD9E00962421 /* proun-ios-exercise-swiftui.app */;
			productType = "com.apple.product-type.application";
		};
		633A1FCE26DFDDA000962421 /* proun-ios-exercise-swiftuiTests */ = {
			isa = PBXNativeTarget;
			buildConfigurationList = 633A1FE626DFDDA000962421 /* Build configuration list for PBXNativeTarget "proun-ios-exercise-swiftuiTests" */;
			buildPhases = (
				633A1FCB26DFDDA000962421 /* Sources */,
				633A1FCC26DFDDA000962421 /* Frameworks */,
				633A1FCD26DFDDA000962421 /* Resources */,
			);
			buildRules = (
			);
			dependencies = (
				633A1FD126DFDDA000962421 /* PBXTargetDependency */,
			);
			name = "proun-ios-exercise-swiftuiTests";
			productName = "proun-ios-exercise-swiftuiTests";
			productReference = 633A1FCF26DFDDA000962421 /* proun-ios-exercise-swiftuiTests.xctest */;
			productType = "com.apple.product-type.bundle.unit-test";
		};
		633A1FD926DFDDA000962421 /* proun-ios-exercise-swiftuiUITests */ = {
			isa = PBXNativeTarget;
			buildConfigurationList = 633A1FE926DFDDA000962421 /* Build configuration list for PBXNativeTarget "proun-ios-exercise-swiftuiUITests" */;
			buildPhases = (
				633A1FD626DFDDA000962421 /* Sources */,
				633A1FD726DFDDA000962421 /* Frameworks */,
				633A1FD826DFDDA000962421 /* Resources */,
			);
			buildRules = (
			);
			dependencies = (
				633A1FDC26DFDDA000962421 /* PBXTargetDependency */,
			);
			name = "proun-ios-exercise-swiftuiUITests";
			productName = "proun-ios-exercise-swiftuiUITests";
			productReference = 633A1FDA26DFDDA000962421 /* proun-ios-exercise-swiftuiUITests.xctest */;
			productType = "com.apple.product-type.bundle.ui-testing";
		};
/* End PBXNativeTarget section */

/* Begin PBXProject section */
		633A1FB626DFDD9E00962421 /* Project object */ = {
			isa = PBXProject;
			attributes = {
				LastSwiftUpdateCheck = 1250;
				LastUpgradeCheck = 1250;
				TargetAttributes = {
					633A1FBD26DFDD9E00962421 = {
						CreatedOnToolsVersion = 12.5.1;
					};
					633A1FCE26DFDDA000962421 = {
						CreatedOnToolsVersion = 12.5.1;
						TestTargetID = 633A1FBD26DFDD9E00962421;
					};
					633A1FD926DFDDA000962421 = {
						CreatedOnToolsVersion = 12.5.1;
						TestTargetID = 633A1FBD26DFDD9E00962421;
					};
				};
			};
			buildConfigurationList = 633A1FB926DFDD9E00962421 /* Build configuration list for PBXProject "proun-ios-exercise-swiftui" */;
			compatibilityVersion = "Xcode 9.3";
			developmentRegion = en;
			hasScannedForEncodings = 0;
			knownRegions = (
				en,
				Base,
			);
			mainGroup = 633A1FB526DFDD9E00962421;
			productRefGroup = 633A1FBF26DFDD9E00962421 /* Products */;
			projectDirPath = "";
			projectRoot = "";
			targets = (
				633A1FBD26DFDD9E00962421 /* proun-ios-exercise-swiftui */,
				633A1FCE26DFDDA000962421 /* proun-ios-exercise-swiftuiTests */,
				633A1FD926DFDDA000962421 /* proun-ios-exercise-swiftuiUITests */,
			);
		};
/* End PBXProject section */

/* Begin PBXResourcesBuildPhase section */
		633A1FBC26DFDD9E00962421 /* Resources */ = {
			isa = PBXResourcesBuildPhase;
			buildActionMask = 2147483647;
			files = (
				633A1FC926DFDDA000962421 /* Preview Assets.xcassets in Resources */,
				633A1FC626DFDDA000962421 /* Assets.xcassets in Resources */,
			);
			runOnlyForDeploymentPostprocessing = 0;
		};
		633A1FCD26DFDDA000962421 /* Resources */ = {
			isa = PBXResourcesBuildPhase;
			buildActionMask = 2147483647;
			files = (
			);
			runOnlyForDeploymentPostprocessing = 0;
		};
		633A1FD826DFDDA000962421 /* Resources */ = {
			isa = PBXResourcesBuildPhase;
			buildActionMask = 2147483647;
			files = (
			);
			runOnlyForDeploymentPostprocessing = 0;
		};
/* End PBXResourcesBuildPhase section */

/* Begin PBXSourcesBuildPhase section */
		633A1FBA26DFDD9E00962421 /* Sources */ = {
			isa = PBXSourcesBuildPhase;
			buildActionMask = 2147483647;
			files = (
				633A1FC426DFDD9E00962421 /* ContentView.swift in Sources */,
				633A1FC226DFDD9E00962421 /* proun_ios_exercise_swiftuiApp.swift in Sources */,
			);
			runOnlyForDeploymentPostprocessing = 0;
		};
		633A1FCB26DFDDA000962421 /* Sources */ = {
			isa = PBXSourcesBuildPhase;
			buildActionMask = 2147483647;
			files = (
				633A1FD426DFDDA000962421 /* proun_ios_exercise_swiftuiTests.swift in Sources */,
			);
			runOnlyForDeploymentPostprocessing = 0;
		};
		633A1FD626DFDDA000962421 /* Sources */ = {
			isa = PBXSourcesBuildPhase;
			buildActionMask = 2147483647;
			files = (
				633A1FDF26DFDDA000962421 /* proun_ios_exercise_swiftuiUITests.swift in Sources */,
			);
			runOnlyForDeploymentPostprocessing = 0;
		};
/* End PBXSourcesBuildPhase section */

/* Begin PBXTargetDependency section */
		633A1FD126DFDDA000962421 /* PBXTargetDependency */ = {
			isa = PBXTargetDependency;
			target = 633A1FBD26DFDD9E00962421 /* proun-ios-exercise-swiftui */;
			targetProxy = 633A1FD026DFDDA000962421 /* PBXContainerItemProxy */;
		};
		633A1FDC26DFDDA000962421 /* PBXTargetDependency */ = {
			isa = PBXTargetDependency;
			target = 633A1FBD26DFDD9E00962421 /* proun-ios-exercise-swiftui */;
			targetProxy = 633A1FDB26DFDDA000962421 /* PBXContainerItemProxy */;
		};
/* End PBXTargetDependency section */

/* Begin XCBuildConfiguration section */
		633A1FE126DFDDA000962421 /* Debug */ = {
			isa = XCBuildConfiguration;
			buildSettings = {
				ALWAYS_SEARCH_USER_PATHS = NO;
				CLANG_ANALYZER_NONNULL = YES;
				CLANG_ANALYZER_NUMBER_OBJECT_CONVERSION = YES_AGGRESSIVE;
				CLANG_CXX_LANGUAGE_STANDARD = "gnu++14";
				CLANG_CXX_LIBRARY = "libc++";
				CLANG_ENABLE_MODULES = YES;
				CLANG_ENABLE_OBJC_ARC = YES;
				CLANG_ENABLE_OBJC_WEAK = YES;
				CLANG_WARN_BLOCK_CAPTURE_AUTORELEASING = YES;
				CLANG_WARN_BOOL_CONVERSION = YES;
				CLANG_WARN_COMMA = YES;
				CLANG_WARN_CONSTANT_CONVERSION = YES;
				CLANG_WARN_DEPRECATED_OBJC_IMPLEMENTATIONS = YES;
				CLANG_WARN_DIRECT_OBJC_ISA_USAGE = YES_ERROR;
				CLANG_WARN_DOCUMENTATION_COMMENTS = YES;
				CLANG_WARN_EMPTY_BODY = YES;
				CLANG_WARN_ENUM_CONVERSION = YES;
				CLANG_WARN_INFINITE_RECURSION = YES;
				CLANG_WARN_INT_CONVERSION = YES;
				CLANG_WARN_NON_LITERAL_NULL_CONVERSION = YES;
				CLANG_WARN_OBJC_IMPLICIT_RETAIN_SELF = YES;
				CLANG_WARN_OBJC_LITERAL_CONVERSION = YES;
				CLANG_WARN_OBJC_ROOT_CLASS = YES_ERROR;
				CLANG_WARN_QUOTED_INCLUDE_IN_FRAMEWORK_HEADER = YES;
				CLANG_WARN_RANGE_LOOP_ANALYSIS = YES;
				CLANG_WARN_STRICT_PROTOTYPES = YES;
				CLANG_WARN_SUSPICIOUS_MOVE = YES;
				CLANG_WARN_UNGUARDED_AVAILABILITY = YES_AGGRESSIVE;
				CLANG_WARN_UNREACHABLE_CODE = YES;
				CLANG_WARN__DUPLICATE_METHOD_MATCH = YES;
				COPY_PHASE_STRIP = NO;
				DEBUG_INFORMATION_FORMAT = dwarf;
				ENABLE_STRICT_OBJC_MSGSEND = YES;
				ENABLE_TESTABILITY = YES;
				GCC_C_LANGUAGE_STANDARD = gnu11;
				GCC_DYNAMIC_NO_PIC = NO;
				GCC_NO_COMMON_BLOCKS = YES;
				GCC_OPTIMIZATION_LEVEL = 0;
				GCC_PREPROCESSOR_DEFINITIONS = (
					"DEBUG=1",
					"$(inherited)",
				);
				GCC_WARN_64_TO_32_BIT_CONVERSION = YES;
				GCC_WARN_ABOUT_RETURN_TYPE = YES_ERROR;
				GCC_WARN_UNDECLARED_SELECTOR = YES;
				GCC_WARN_UNINITIALIZED_AUTOS = YES_AGGRESSIVE;
				GCC_WARN_UNUSED_FUNCTION = YES;
				GCC_WARN_UNUSED_VARIABLE = YES;
				IPHONEOS_DEPLOYMENT_TARGET = 14.5;
				MTL_ENABLE_DEBUG_INFO = INCLUDE_SOURCE;
				MTL_FAST_MATH = YES;
				ONLY_ACTIVE_ARCH = YES;
				SDKROOT = iphoneos;
				SWIFT_ACTIVE_COMPILATION_CONDITIONS = DEBUG;
				SWIFT_OPTIMIZATION_LEVEL = "-Onone";
			};
			name = Debug;
		};
		633A1FE226DFDDA000962421 /* Release */ = {
			isa = XCBuildConfiguration;
			buildSettings = {
				ALWAYS_SEARCH_USER_PATHS = NO;
				CLANG_ANALYZER_NONNULL = YES;
				CLANG_ANALYZER_NUMBER_OBJECT_CONVERSION = YES_AGGRESSIVE;
				CLANG_CXX_LANGUAGE_STANDARD = "gnu++14";
				CLANG_CXX_LIBRARY = "libc++";
				CLANG_ENABLE_MODULES = YES;
				CLANG_ENABLE_OBJC_ARC = YES;
				CLANG_ENABLE_OBJC_WEAK = YES;
				CLANG_WARN_BLOCK_CAPTURE_AUTORELEASING = YES;
				CLANG_WARN_BOOL_CONVERSION = YES;
				CLANG_WARN_COMMA = YES;
				CLANG_WARN_CONSTANT_CONVERSION = YES;
				CLANG_WARN_DEPRECATED_OBJC_IMPLEMENTATIONS = YES;
				CLANG_WARN_DIRECT_OBJC_ISA_USAGE = YES_ERROR;
				CLANG_WARN_DOCUMENTATION_COMMENTS = YES;
				CLANG_WARN_EMPTY_BODY = YES;
				CLANG_WARN_ENUM_CONVERSION = YES;
				CLANG_WARN_INFINITE_RECURSION = YES;
				CLANG_WARN_INT_CONVERSION = YES;
				CLANG_WARN_NON_LITERAL_NULL_CONVERSION = YES;
				CLANG_WARN_OBJC_IMPLICIT_RETAIN_SELF = YES;
				CLANG_WARN_OBJC_LITERAL_CONVERSION = YES;
				CLANG_WARN_OBJC_ROOT_CLASS = YES_ERROR;
				CLANG_WARN_QUOTED_INCLUDE_IN_FRAMEWORK_HEADER = YES;
				CLANG_WARN_RANGE_LOOP_ANALYSIS = YES;
				CLANG_WARN_STRICT_PROTOTYPES = YES;
				CLANG_WARN_SUSPICIOUS_MOVE = YES;
				CLANG_WARN_UNGUARDED_AVAILABILITY = YES_AGGRESSIVE;
				CLANG_WARN_UNREACHABLE_CODE = YES;
				CLANG_WARN__DUPLICATE_METHOD_MATCH = YES;
				COPY_PHASE_STRIP = NO;
				DEBUG_INFORMATION_FORMAT = "dwarf-with-dsym";
				ENABLE_NS_ASSERTIONS = NO;
				ENABLE_STRICT_OBJC_MSGSEND = YES;
				GCC_C_LANGUAGE_STANDARD = gnu11;
				GCC_NO_COMMON_BLOCKS = YES;
				GCC_WARN_64_TO_32_BIT_CONVERSION = YES;
				GCC_WARN_ABOUT_RETURN_TYPE = YES_ERROR;
				GCC_WARN_UNDECLARED_SELECTOR = YES;
				GCC_WARN_UNINITIALIZED_AUTOS = YES_AGGRESSIVE;
				GCC_WARN_UNUSED_FUNCTION = YES;
				GCC_WARN_UNUSED_VARIABLE = YES;
				IPHONEOS_DEPLOYMENT_TARGET = 14.5;
				MTL_ENABLE_DEBUG_INFO = NO;
				MTL_FAST_MATH = YES;
				SDKROOT = iphoneos;
				SWIFT_COMPILATION_MODE = wholemodule;
				SWIFT_OPTIMIZATION_LEVEL = "-O";
				VALIDATE_PRODUCT = YES;
			};
			name = Release;
		};
		633A1FE426DFDDA000962421 /* Debug */ = {
			isa = XCBuildConfiguration;
			buildSettings = {
				ASSETCATALOG_COMPILER_APPICON_NAME = AppIcon;
				ASSETCATALOG_COMPILER_GLOBAL_ACCENT_COLOR_NAME = AccentColor;
				CODE_SIGN_STYLE = Automatic;
				DEVELOPMENT_ASSET_PATHS = "\"proun-ios-exercise-swiftui/Preview Content\"";
				DEVELOPMENT_TEAM = 5Y9TY9M8N6;
				ENABLE_PREVIEWS = YES;
				INFOPLIST_FILE = "proun-ios-exercise-swiftui/Info.plist";
				IPHONEOS_DEPLOYMENT_TARGET = 14.0;
				LD_RUNPATH_SEARCH_PATHS = (
					"$(inherited)",
					"@executable_path/Frameworks",
				);
				PRODUCT_BUNDLE_IDENTIFIER = "davidtejedor.proun-ios-exercise-swiftui";
				PRODUCT_NAME = "$(TARGET_NAME)";
				SWIFT_VERSION = 5.0;
				TARGETED_DEVICE_FAMILY = "1,2";
			};
			name = Debug;
		};
		633A1FE526DFDDA000962421 /* Release */ = {
			isa = XCBuildConfiguration;
			buildSettings = {
				ASSETCATALOG_COMPILER_APPICON_NAME = AppIcon;
				ASSETCATALOG_COMPILER_GLOBAL_ACCENT_COLOR_NAME = AccentColor;
				CODE_SIGN_STYLE = Automatic;
				DEVELOPMENT_ASSET_PATHS = "\"proun-ios-exercise-swiftui/Preview Content\"";
				DEVELOPMENT_TEAM = 5Y9TY9M8N6;
				ENABLE_PREVIEWS = YES;
				INFOPLIST_FILE = "proun-ios-exercise-swiftui/Info.plist";
				IPHONEOS_DEPLOYMENT_TARGET = 14.0;
				LD_RUNPATH_SEARCH_PATHS = (
					"$(inherited)",
					"@executable_path/Frameworks",
				);
				PRODUCT_BUNDLE_IDENTIFIER = "davidtejedor.proun-ios-exercise-swiftui";
				PRODUCT_NAME = "$(TARGET_NAME)";
				SWIFT_VERSION = 5.0;
				TARGETED_DEVICE_FAMILY = "1,2";
			};
			name = Release;
		};
		633A1FE726DFDDA000962421 /* Debug */ = {
			isa = XCBuildConfiguration;
			buildSettings = {
				ALWAYS_EMBED_SWIFT_STANDARD_LIBRARIES = YES;
				BUNDLE_LOADER = "$(TEST_HOST)";
				CODE_SIGN_STYLE = Automatic;
				DEVELOPMENT_TEAM = 5Y9TY9M8N6;
				INFOPLIST_FILE = "proun-ios-exercise-swiftuiTests/Info.plist";
				IPHONEOS_DEPLOYMENT_TARGET = 14.0;
				LD_RUNPATH_SEARCH_PATHS = (
					"$(inherited)",
					"@executable_path/Frameworks",
					"@loader_path/Frameworks",
				);
				PRODUCT_BUNDLE_IDENTIFIER = "davidtejedor.proun-ios-exercise-swiftuiTests";
				PRODUCT_NAME = "$(TARGET_NAME)";
				SWIFT_VERSION = 5.0;
				TARGETED_DEVICE_FAMILY = "1,2";
				TEST_HOST = "$(BUILT_PRODUCTS_DIR)/proun-ios-exercise-swiftui.app/proun-ios-exercise-swiftui";
			};
			name = Debug;
		};
		633A1FE826DFDDA000962421 /* Release */ = {
			isa = XCBuildConfiguration;
			buildSettings = {
				ALWAYS_EMBED_SWIFT_STANDARD_LIBRARIES = YES;
				BUNDLE_LOADER = "$(TEST_HOST)";
				CODE_SIGN_STYLE = Automatic;
				DEVELOPMENT_TEAM = 5Y9TY9M8N6;
				INFOPLIST_FILE = "proun-ios-exercise-swiftuiTests/Info.plist";
				IPHONEOS_DEPLOYMENT_TARGET = 14.0;
				LD_RUNPATH_SEARCH_PATHS = (
					"$(inherited)",
					"@executable_path/Frameworks",
					"@loader_path/Frameworks",
				);
				PRODUCT_BUNDLE_IDENTIFIER = "davidtejedor.proun-ios-exercise-swiftuiTests";
				PRODUCT_NAME = "$(TARGET_NAME)";
				SWIFT_VERSION = 5.0;
				TARGETED_DEVICE_FAMILY = "1,2";
				TEST_HOST = "$(BUILT_PRODUCTS_DIR)/proun-ios-exercise-swiftui.app/proun-ios-exercise-swiftui";
			};
			name = Release;
		};
		633A1FEA26DFDDA000962421 /* Debug */ = {
			isa = XCBuildConfiguration;
			buildSettings = {
				ALWAYS_EMBED_SWIFT_STANDARD_LIBRARIES = YES;
				CODE_SIGN_STYLE = Automatic;
				DEVELOPMENT_TEAM = 5Y9TY9M8N6;
				INFOPLIST_FILE = "proun-ios-exercise-swiftuiUITests/Info.plist";
				LD_RUNPATH_SEARCH_PATHS = (
					"$(inherited)",
					"@executable_path/Frameworks",
					"@loader_path/Frameworks",
				);
				PRODUCT_BUNDLE_IDENTIFIER = "davidtejedor.proun-ios-exercise-swiftuiUITests";
				PRODUCT_NAME = "$(TARGET_NAME)";
				SWIFT_VERSION = 5.0;
				TARGETED_DEVICE_FAMILY = "1,2";
				TEST_TARGET_NAME = "proun-ios-exercise-swiftui";
			};
			name = Debug;
		};
		633A1FEB26DFDDA000962421 /* Release */ = {
			isa = XCBuildConfiguration;
			buildSettings = {
				ALWAYS_EMBED_SWIFT_STANDARD_LIBRARIES = YES;
				CODE_SIGN_STYLE = Automatic;
				DEVELOPMENT_TEAM = 5Y9TY9M8N6;
				INFOPLIST_FILE = "proun-ios-exercise-swiftuiUITests/Info.plist";
				LD_RUNPATH_SEARCH_PATHS = (
					"$(inherited)",
					"@executable_path/Frameworks",
					"@loader_path/Frameworks",
				);
				PRODUCT_BUNDLE_IDENTIFIER = "davidtejedor.proun-ios-exercise-swiftuiUITests";
				PRODUCT_NAME = "$(TARGET_NAME)";
				SWIFT_VERSION = 5.0;
				TARGETED_DEVICE_FAMILY = "1,2";
				TEST_TARGET_NAME = "proun-ios-exercise-swiftui";
			};
			name = Release;
		};
/* End XCBuildConfiguration section */

/* Begin XCConfigurationList section */
		633A1FB926DFDD9E00962421 /* Build configuration list for PBXProject "proun-ios-exercise-swiftui" */ = {
			isa = XCConfigurationList;
			buildConfigurations = (
				633A1FE126DFDDA000962421 /* Debug */,
				633A1FE226DFDDA000962421 /* Release */,
			);
			defaultConfigurationIsVisible = 0;
			defaultConfigurationName = Release;
		};
		633A1FE326DFDDA000962421 /* Build configuration list for PBXNativeTarget "proun-ios-exercise-swiftui" */ = {
			isa = XCConfigurationList;
			buildConfigurations = (
				633A1FE426DFDDA000962421 /* Debug */,
				633A1FE526DFDDA000962421 /* Release */,
			);
			defaultConfigurationIsVisible = 0;
			defaultConfigurationName = Release;
		};
		633A1FE626DFDDA000962421 /* Build configuration list for PBXNativeTarget "proun-ios-exercise-swiftuiTests" */ = {
			isa = XCConfigurationList;
			buildConfigurations = (
				633A1FE726DFDDA000962421 /* Debug */,
				633A1FE826DFDDA000962421 /* Release */,
			);
			defaultConfigurationIsVisible = 0;
			defaultConfigurationName = Release;
		};
		633A1FE926DFDDA000962421 /* Build configuration list for PBXNativeTarget "proun-ios-exercise-swiftuiUITests" */ = {
			isa = XCConfigurationList;
			buildConfigurations = (
				633A1FEA26DFDDA000962421 /* Debug */,
				633A1FEB26DFDDA000962421 /* Release */,
			);
			defaultConfigurationIsVisible = 0;
			defaultConfigurationName = Release;
		};
/* End XCConfigurationList section */
	};
	rootObject = 633A1FB626DFDD9E00962421 /* Project object */;
}
