// !$*UTF8*$!
{
	archiveVersion = 1;
	classes = {
	};
	objectVersion = 51;
	objects = {

/* Begin PBXBuildFile section */
		21DD032A8AC433F328AA03D1 /* Pods_proun_ios_exercise_swiftui.framework in Frameworks */ = {isa = PBXBuildFile; fileRef = A43B06C1A4F9DB559A192486 /* Pods_proun_ios_exercise_swiftui.framework */; };
		31E1CDFFD6666FE546F40FB9 /* Pods_proun_ios_exercise_swiftuiTests.framework in Frameworks */ = {isa = PBXBuildFile; fileRef = 973A8BC6C4891C56F844388E /* Pods_proun_ios_exercise_swiftuiTests.framework */; };
		41256A99306C107DFA010608 /* Pods_proun_ios_exercise_swiftui_proun_ios_exercise_swiftuiUITests.framework in Frameworks */ = {isa = PBXBuildFile; fileRef = B91FFCBA435233B90AE8C1E8 /* Pods_proun_ios_exercise_swiftui_proun_ios_exercise_swiftuiUITests.framework */; };
		6303735D26E147D3005F19E2 /* Double.swift in Sources */ = {isa = PBXBuildFile; fileRef = 6303735C26E147D3005F19E2 /* Double.swift */; };
		6303736126E223EC005F19E2 /* GMSPolyline.swift in Sources */ = {isa = PBXBuildFile; fileRef = 6303736026E223EC005F19E2 /* GMSPolyline.swift */; };
		6303736326E22A99005F19E2 /* UIImage+Image.swift in Sources */ = {isa = PBXBuildFile; fileRef = 6303736226E22A99005F19E2 /* UIImage+Image.swift */; };
		6303736626E231E8005F19E2 /* mapStyle.json in Resources */ = {isa = PBXBuildFile; fileRef = 6303736526E231E8005F19E2 /* mapStyle.json */; };
		6303736826E247CD005F19E2 /* MapMarkerView.swift in Sources */ = {isa = PBXBuildFile; fileRef = 6303736726E247CD005F19E2 /* MapMarkerView.swift */; };
		6303736A26E27116005F19E2 /* POIDetailPopUp.swift in Sources */ = {isa = PBXBuildFile; fileRef = 6303736926E27116005F19E2 /* POIDetailPopUp.swift */; };
		6303736C26E28381005F19E2 /* ImageCarouselView.swift in Sources */ = {isa = PBXBuildFile; fileRef = 6303736B26E28381005F19E2 /* ImageCarouselView.swift */; };
		6303736E26E2E32C005F19E2 /* AudioPlayerView.swift in Sources */ = {isa = PBXBuildFile; fileRef = 6303736D26E2E32C005F19E2 /* AudioPlayerView.swift */; };
		6303A18E26E0E38B008A16BB /* TabbarView.swift in Sources */ = {isa = PBXBuildFile; fileRef = 6303A18D26E0E38B008A16BB /* TabbarView.swift */; };
		6303A19026E0EB64008A16BB /* MapViewModel.swift in Sources */ = {isa = PBXBuildFile; fileRef = 6303A18F26E0EB64008A16BB /* MapViewModel.swift */; };
		630A3CA126E60D0200D32FD7 /* AVPlayer.swift in Sources */ = {isa = PBXBuildFile; fileRef = 630A3CA026E60D0200D32FD7 /* AVPlayer.swift */; };
		630F017926E3B2200012A45B /* AudioPlayerViewModel.swift in Sources */ = {isa = PBXBuildFile; fileRef = 630F017826E3B2200012A45B /* AudioPlayerViewModel.swift */; };
		630F017B26E3C6060012A45B /* GMSMarker.swift in Sources */ = {isa = PBXBuildFile; fileRef = 630F017A26E3C6060012A45B /* GMSMarker.swift */; };
		630F017F26E3D4710012A45B /* EventTabBarPaginatorView.swift in Sources */ = {isa = PBXBuildFile; fileRef = 630F017D26E3D4710012A45B /* EventTabBarPaginatorView.swift */; };
		630F018226E3D5370012A45B /* EventTabbarView.swift in Sources */ = {isa = PBXBuildFile; fileRef = 630F018126E3D5370012A45B /* EventTabbarView.swift */; };
		630F018726E3D63A0012A45B /* EventsListView.swift in Sources */ = {isa = PBXBuildFile; fileRef = 630F018626E3D63A0012A45B /* EventsListView.swift */; };
		630F018A26E3E21E0012A45B /* EventCell.swift in Sources */ = {isa = PBXBuildFile; fileRef = 630F018926E3E21E0012A45B /* EventCell.swift */; };
		633A1FC226DFDD9E00962421 /* proun_ios_exercise_swiftuiApp.swift in Sources */ = {isa = PBXBuildFile; fileRef = 633A1FC126DFDD9E00962421 /* proun_ios_exercise_swiftuiApp.swift */; };
		633A1FC626DFDDA000962421 /* Assets.xcassets in Resources */ = {isa = PBXBuildFile; fileRef = 633A1FC526DFDDA000962421 /* Assets.xcassets */; };
		633A1FC926DFDDA000962421 /* Preview Assets.xcassets in Resources */ = {isa = PBXBuildFile; fileRef = 633A1FC826DFDDA000962421 /* Preview Assets.xcassets */; };
		633A1FD426DFDDA000962421 /* proun_ios_exercise_swiftuiTests.swift in Sources */ = {isa = PBXBuildFile; fileRef = 633A1FD326DFDDA000962421 /* proun_ios_exercise_swiftuiTests.swift */; };
		633A1FDF26DFDDA000962421 /* proun_ios_exercise_swiftuiUITests.swift in Sources */ = {isa = PBXBuildFile; fileRef = 633A1FDE26DFDDA000962421 /* proun_ios_exercise_swiftuiUITests.swift */; };
		633A1FEF26DFDDD000962421 /* MainView.swift in Sources */ = {isa = PBXBuildFile; fileRef = 633A1FEE26DFDDD000962421 /* MainView.swift */; };
		633A1FF526DFDE9500962421 /* DistrictPOIsResponse.swift in Sources */ = {isa = PBXBuildFile; fileRef = 633A1FF426DFDE9500962421 /* DistrictPOIsResponse.swift */; };
		633A1FF726DFDEB500962421 /* BaseModel.swift in Sources */ = {isa = PBXBuildFile; fileRef = 633A1FF626DFDEB500962421 /* BaseModel.swift */; };
		633A1FF926DFDFFD00962421 /* MediaModel.swift in Sources */ = {isa = PBXBuildFile; fileRef = 633A1FF826DFDFFD00962421 /* MediaModel.swift */; };
		633A1FFB26E00AEE00962421 /* POIModel.swift in Sources */ = {isa = PBXBuildFile; fileRef = 633A1FFA26E00AEE00962421 /* POIModel.swift */; };
		633A1FFD26E00B8A00962421 /* CategoryModel.swift in Sources */ = {isa = PBXBuildFile; fileRef = 633A1FFC26E00B8A00962421 /* CategoryModel.swift */; };
		633A1FFF26E00CF700962421 /* EventModel.swift in Sources */ = {isa = PBXBuildFile; fileRef = 633A1FFE26E00CF700962421 /* EventModel.swift */; };
		633A200126E00F9900962421 /* RequestManager.swift in Sources */ = {isa = PBXBuildFile; fileRef = 633A200026E00F9900962421 /* RequestManager.swift */; };
		633A200326E00FAD00962421 /* Connection.swift in Sources */ = {isa = PBXBuildFile; fileRef = 633A200226E00FAD00962421 /* Connection.swift */; };
		633A200726E0112800962421 /* Int+HttpStatus.swift in Sources */ = {isa = PBXBuildFile; fileRef = 633A200626E0112800962421 /* Int+HttpStatus.swift */; };
		633A200D26E0125300962421 /* Constants.swift in Sources */ = {isa = PBXBuildFile; fileRef = 633A200C26E0125300962421 /* Constants.swift */; };
		633A200F26E017DC00962421 /* POIViewModel.swift in Sources */ = {isa = PBXBuildFile; fileRef = 633A200E26E017DC00962421 /* POIViewModel.swift */; };
		633A201126E0CB6A00962421 /* MapView.swift in Sources */ = {isa = PBXBuildFile; fileRef = 633A201026E0CB6A00962421 /* MapView.swift */; };
		633A201326E0CB7D00962421 /* POIsListView.swift in Sources */ = {isa = PBXBuildFile; fileRef = 633A201226E0CB7D00962421 /* POIsListView.swift */; };
		633A201B26E0D36300962421 /* NavbarView.swift in Sources */ = {isa = PBXBuildFile; fileRef = 633A201A26E0D36300962421 /* NavbarView.swift */; };
		633A201D26E0D52E00962421 /* TradeGothicLTStd-BdCn20.otf in Resources */ = {isa = PBXBuildFile; fileRef = 633A201C26E0D50A00962421 /* TradeGothicLTStd-BdCn20.otf */; };
		63B0C4BF26E4E4200052605B /* Date.swift in Sources */ = {isa = PBXBuildFile; fileRef = 63B0C4BE26E4E4200052605B /* Date.swift */; };
		63D71AA926E4F40900E94C51 /* Roboto-Regular.ttf in Resources */ = {isa = PBXBuildFile; fileRef = 63D71AA826E4F40400E94C51 /* Roboto-Regular.ttf */; };
		63D71AAB26E4F45100E94C51 /* Roboto-Medium.ttf in Resources */ = {isa = PBXBuildFile; fileRef = 63D71AAA26E4F44E00E94C51 /* Roboto-Medium.ttf */; };
		63D71AAD26E4F70300E94C51 /* CMTime.swift in Sources */ = {isa = PBXBuildFile; fileRef = 63D71AAC26E4F70300E94C51 /* CMTime.swift */; };
		63D71AAF26E503C000E94C51 /* POICell.swift in Sources */ = {isa = PBXBuildFile; fileRef = 63D71AAE26E503C000E94C51 /* POICell.swift */; };
		63D71AB326E50CDF00E94C51 /* Roboto-Light.ttf in Resources */ = {isa = PBXBuildFile; fileRef = 63D71AB226E50CDF00E94C51 /* Roboto-Light.ttf */; };
		63D71AB526E50DAE00E94C51 /* LoaderView.swift in Sources */ = {isa = PBXBuildFile; fileRef = 63D71AB426E50DAE00E94C51 /* LoaderView.swift */; };
		63D71ABB26E5153500E94C51 /* EnvironmentValues+ImageCache.swift in Sources */ = {isa = PBXBuildFile; fileRef = 63D71AB726E5153500E94C51 /* EnvironmentValues+ImageCache.swift */; };
		63D71ABC26E5153500E94C51 /* AsyncImage.swift in Sources */ = {isa = PBXBuildFile; fileRef = 63D71AB826E5153500E94C51 /* AsyncImage.swift */; };
		63D71ABD26E5153500E94C51 /* ImageCache.swift in Sources */ = {isa = PBXBuildFile; fileRef = 63D71AB926E5153500E94C51 /* ImageCache.swift */; };
		63D71ABE26E5153500E94C51 /* ImageLoader.swift in Sources */ = {isa = PBXBuildFile; fileRef = 63D71ABA26E5153500E94C51 /* ImageLoader.swift */; };
/* End PBXBuildFile section */

/* Begin PBXContainerItemProxy section */
		633A1FD026DFDDA000962421 /* PBXContainerItemProxy */ = {
			isa = PBXContainerItemProxy;
			containerPortal = 633A1FB626DFDD9E00962421 /* Project object */;
			proxyType = 1;
			remoteGlobalIDString = 633A1FBD26DFDD9E00962421;
			remoteInfo = "proun-ios-exercise-swiftui";
		};
		633A1FDB26DFDDA000962421 /* PBXContainerItemProxy */ = {
			isa = PBXContainerItemProxy;
			containerPortal = 633A1FB626DFDD9E00962421 /* Project object */;
			proxyType = 1;
			remoteGlobalIDString = 633A1FBD26DFDD9E00962421;
			remoteInfo = "proun-ios-exercise-swiftui";
		};
/* End PBXContainerItemProxy section */

/* Begin PBXFileReference section */
		0BCF1315B2EBD307D689D768 /* Pods-proun-ios-exercise-swiftui-proun-ios-exercise-swiftuiUITests.debug.xcconfig */ = {isa = PBXFileReference; includeInIndex = 1; lastKnownFileType = text.xcconfig; name = "Pods-proun-ios-exercise-swiftui-proun-ios-exercise-swiftuiUITests.debug.xcconfig"; path = "Target Support Files/Pods-proun-ios-exercise-swiftui-proun-ios-exercise-swiftuiUITests/Pods-proun-ios-exercise-swiftui-proun-ios-exercise-swiftuiUITests.debug.xcconfig"; sourceTree = "<group>"; };
		538A03C96CEF350870AA3B07 /* Pods-proun-ios-exercise-swiftui.release.xcconfig */ = {isa = PBXFileReference; includeInIndex = 1; lastKnownFileType = text.xcconfig; name = "Pods-proun-ios-exercise-swiftui.release.xcconfig"; path = "Target Support Files/Pods-proun-ios-exercise-swiftui/Pods-proun-ios-exercise-swiftui.release.xcconfig"; sourceTree = "<group>"; };
		6303735C26E147D3005F19E2 /* Double.swift */ = {isa = PBXFileReference; lastKnownFileType = sourcecode.swift; path = Double.swift; sourceTree = "<group>"; };
		6303736026E223EC005F19E2 /* GMSPolyline.swift */ = {isa = PBXFileReference; lastKnownFileType = sourcecode.swift; path = GMSPolyline.swift; sourceTree = "<group>"; };
		6303736226E22A99005F19E2 /* UIImage+Image.swift */ = {isa = PBXFileReference; lastKnownFileType = sourcecode.swift; path = "UIImage+Image.swift"; sourceTree = "<group>"; };
		6303736526E231E8005F19E2 /* mapStyle.json */ = {isa = PBXFileReference; fileEncoding = 4; lastKnownFileType = text.json; path = mapStyle.json; sourceTree = "<group>"; };
		6303736726E247CD005F19E2 /* MapMarkerView.swift */ = {isa = PBXFileReference; lastKnownFileType = sourcecode.swift; path = MapMarkerView.swift; sourceTree = "<group>"; };
		6303736926E27116005F19E2 /* POIDetailPopUp.swift */ = {isa = PBXFileReference; lastKnownFileType = sourcecode.swift; path = POIDetailPopUp.swift; sourceTree = "<group>"; };
		6303736B26E28381005F19E2 /* ImageCarouselView.swift */ = {isa = PBXFileReference; lastKnownFileType = sourcecode.swift; path = ImageCarouselView.swift; sourceTree = "<group>"; };
		6303736D26E2E32C005F19E2 /* AudioPlayerView.swift */ = {isa = PBXFileReference; lastKnownFileType = sourcecode.swift; path = AudioPlayerView.swift; sourceTree = "<group>"; };
		6303A18D26E0E38B008A16BB /* TabbarView.swift */ = {isa = PBXFileReference; lastKnownFileType = sourcecode.swift; path = TabbarView.swift; sourceTree = "<group>"; };
		6303A18F26E0EB64008A16BB /* MapViewModel.swift */ = {isa = PBXFileReference; lastKnownFileType = sourcecode.swift; path = MapViewModel.swift; sourceTree = "<group>"; };
		630A3CA026E60D0200D32FD7 /* AVPlayer.swift */ = {isa = PBXFileReference; fileEncoding = 4; lastKnownFileType = sourcecode.swift; path = AVPlayer.swift; sourceTree = "<group>"; };
		630F017826E3B2200012A45B /* AudioPlayerViewModel.swift */ = {isa = PBXFileReference; lastKnownFileType = sourcecode.swift; path = AudioPlayerViewModel.swift; sourceTree = "<group>"; };
		630F017A26E3C6060012A45B /* GMSMarker.swift */ = {isa = PBXFileReference; lastKnownFileType = sourcecode.swift; path = GMSMarker.swift; sourceTree = "<group>"; };
		630F017D26E3D4710012A45B /* EventTabBarPaginatorView.swift */ = {isa = PBXFileReference; fileEncoding = 4; lastKnownFileType = sourcecode.swift; path = EventTabBarPaginatorView.swift; sourceTree = "<group>"; };
		630F018126E3D5370012A45B /* EventTabbarView.swift */ = {isa = PBXFileReference; lastKnownFileType = sourcecode.swift; path = EventTabbarView.swift; sourceTree = "<group>"; };
		630F018626E3D63A0012A45B /* EventsListView.swift */ = {isa = PBXFileReference; lastKnownFileType = sourcecode.swift; path = EventsListView.swift; sourceTree = "<group>"; };
		630F018926E3E21E0012A45B /* EventCell.swift */ = {isa = PBXFileReference; lastKnownFileType = sourcecode.swift; path = EventCell.swift; sourceTree = "<group>"; };
		633A1FBE26DFDD9E00962421 /* proun-ios-exercise-swiftui.app */ = {isa = PBXFileReference; explicitFileType = wrapper.application; includeInIndex = 0; path = "proun-ios-exercise-swiftui.app"; sourceTree = BUILT_PRODUCTS_DIR; };
		633A1FC126DFDD9E00962421 /* proun_ios_exercise_swiftuiApp.swift */ = {isa = PBXFileReference; lastKnownFileType = sourcecode.swift; path = proun_ios_exercise_swiftuiApp.swift; sourceTree = "<group>"; };
		633A1FC526DFDDA000962421 /* Assets.xcassets */ = {isa = PBXFileReference; lastKnownFileType = folder.assetcatalog; path = Assets.xcassets; sourceTree = "<group>"; };
		633A1FC826DFDDA000962421 /* Preview Assets.xcassets */ = {isa = PBXFileReference; lastKnownFileType = folder.assetcatalog; path = "Preview Assets.xcassets"; sourceTree = "<group>"; };
		633A1FCA26DFDDA000962421 /* Info.plist */ = {isa = PBXFileReference; lastKnownFileType = text.plist.xml; path = Info.plist; sourceTree = "<group>"; };
		633A1FCF26DFDDA000962421 /* proun-ios-exercise-swiftuiTests.xctest */ = {isa = PBXFileReference; explicitFileType = wrapper.cfbundle; includeInIndex = 0; path = "proun-ios-exercise-swiftuiTests.xctest"; sourceTree = BUILT_PRODUCTS_DIR; };
		633A1FD326DFDDA000962421 /* proun_ios_exercise_swiftuiTests.swift */ = {isa = PBXFileReference; lastKnownFileType = sourcecode.swift; path = proun_ios_exercise_swiftuiTests.swift; sourceTree = "<group>"; };
		633A1FD526DFDDA000962421 /* Info.plist */ = {isa = PBXFileReference; lastKnownFileType = text.plist.xml; path = Info.plist; sourceTree = "<group>"; };
		633A1FDA26DFDDA000962421 /* proun-ios-exercise-swiftuiUITests.xctest */ = {isa = PBXFileReference; explicitFileType = wrapper.cfbundle; includeInIndex = 0; path = "proun-ios-exercise-swiftuiUITests.xctest"; sourceTree = BUILT_PRODUCTS_DIR; };
		633A1FDE26DFDDA000962421 /* proun_ios_exercise_swiftuiUITests.swift */ = {isa = PBXFileReference; lastKnownFileType = sourcecode.swift; path = proun_ios_exercise_swiftuiUITests.swift; sourceTree = "<group>"; };
		633A1FE026DFDDA000962421 /* Info.plist */ = {isa = PBXFileReference; lastKnownFileType = text.plist.xml; path = Info.plist; sourceTree = "<group>"; };
		633A1FEE26DFDDD000962421 /* MainView.swift */ = {isa = PBXFileReference; lastKnownFileType = sourcecode.swift; path = MainView.swift; sourceTree = "<group>"; };
		633A1FF426DFDE9500962421 /* DistrictPOIsResponse.swift */ = {isa = PBXFileReference; lastKnownFileType = sourcecode.swift; path = DistrictPOIsResponse.swift; sourceTree = "<group>"; };
		633A1FF626DFDEB500962421 /* BaseModel.swift */ = {isa = PBXFileReference; fileEncoding = 4; lastKnownFileType = sourcecode.swift; path = BaseModel.swift; sourceTree = "<group>"; };
		633A1FF826DFDFFD00962421 /* MediaModel.swift */ = {isa = PBXFileReference; lastKnownFileType = sourcecode.swift; path = MediaModel.swift; sourceTree = "<group>"; };
		633A1FFA26E00AEE00962421 /* POIModel.swift */ = {isa = PBXFileReference; lastKnownFileType = sourcecode.swift; path = POIModel.swift; sourceTree = "<group>"; };
		633A1FFC26E00B8A00962421 /* CategoryModel.swift */ = {isa = PBXFileReference; lastKnownFileType = sourcecode.swift; path = CategoryModel.swift; sourceTree = "<group>"; };
		633A1FFE26E00CF700962421 /* EventModel.swift */ = {isa = PBXFileReference; lastKnownFileType = sourcecode.swift; path = EventModel.swift; sourceTree = "<group>"; };
		633A200026E00F9900962421 /* RequestManager.swift */ = {isa = PBXFileReference; fileEncoding = 4; lastKnownFileType = sourcecode.swift; path = RequestManager.swift; sourceTree = "<group>"; };
		633A200226E00FAD00962421 /* Connection.swift */ = {isa = PBXFileReference; fileEncoding = 4; lastKnownFileType = sourcecode.swift; path = Connection.swift; sourceTree = "<group>"; };
		633A200626E0112800962421 /* Int+HttpStatus.swift */ = {isa = PBXFileReference; fileEncoding = 4; lastKnownFileType = sourcecode.swift; path = "Int+HttpStatus.swift"; sourceTree = "<group>"; };
		633A200C26E0125300962421 /* Constants.swift */ = {isa = PBXFileReference; fileEncoding = 4; lastKnownFileType = sourcecode.swift; path = Constants.swift; sourceTree = "<group>"; };
		633A200E26E017DC00962421 /* POIViewModel.swift */ = {isa = PBXFileReference; lastKnownFileType = sourcecode.swift; path = POIViewModel.swift; sourceTree = "<group>"; };
		633A201026E0CB6A00962421 /* MapView.swift */ = {isa = PBXFileReference; lastKnownFileType = sourcecode.swift; path = MapView.swift; sourceTree = "<group>"; };
		633A201226E0CB7D00962421 /* POIsListView.swift */ = {isa = PBXFileReference; lastKnownFileType = sourcecode.swift; path = POIsListView.swift; sourceTree = "<group>"; };
		633A201A26E0D36300962421 /* NavbarView.swift */ = {isa = PBXFileReference; lastKnownFileType = sourcecode.swift; path = NavbarView.swift; sourceTree = "<group>"; };
		633A201C26E0D50A00962421 /* TradeGothicLTStd-BdCn20.otf */ = {isa = PBXFileReference; lastKnownFileType = file; path = "TradeGothicLTStd-BdCn20.otf"; sourceTree = "<group>"; };
		63B0C4BE26E4E4200052605B /* Date.swift */ = {isa = PBXFileReference; lastKnownFileType = sourcecode.swift; path = Date.swift; sourceTree = "<group>"; };
		63D71AA826E4F40400E94C51 /* Roboto-Regular.ttf */ = {isa = PBXFileReference; lastKnownFileType = file; path = "Roboto-Regular.ttf"; sourceTree = "<group>"; };
		63D71AAA26E4F44E00E94C51 /* Roboto-Medium.ttf */ = {isa = PBXFileReference; lastKnownFileType = file; path = "Roboto-Medium.ttf"; sourceTree = "<group>"; };
		63D71AAC26E4F70300E94C51 /* CMTime.swift */ = {isa = PBXFileReference; lastKnownFileType = sourcecode.swift; path = CMTime.swift; sourceTree = "<group>"; };
		63D71AAE26E503C000E94C51 /* POICell.swift */ = {isa = PBXFileReference; lastKnownFileType = sourcecode.swift; path = POICell.swift; sourceTree = "<group>"; };
		63D71AB226E50CDF00E94C51 /* Roboto-Light.ttf */ = {isa = PBXFileReference; lastKnownFileType = file; path = "Roboto-Light.ttf"; sourceTree = "<group>"; };
		63D71AB426E50DAE00E94C51 /* LoaderView.swift */ = {isa = PBXFileReference; lastKnownFileType = sourcecode.swift; path = LoaderView.swift; sourceTree = "<group>"; };
		63D71AB726E5153500E94C51 /* EnvironmentValues+ImageCache.swift */ = {isa = PBXFileReference; fileEncoding = 4; lastKnownFileType = sourcecode.swift; path = "EnvironmentValues+ImageCache.swift"; sourceTree = "<group>"; };
		63D71AB826E5153500E94C51 /* AsyncImage.swift */ = {isa = PBXFileReference; fileEncoding = 4; lastKnownFileType = sourcecode.swift; path = AsyncImage.swift; sourceTree = "<group>"; };
		63D71AB926E5153500E94C51 /* ImageCache.swift */ = {isa = PBXFileReference; fileEncoding = 4; lastKnownFileType = sourcecode.swift; path = ImageCache.swift; sourceTree = "<group>"; };
		63D71ABA26E5153500E94C51 /* ImageLoader.swift */ = {isa = PBXFileReference; fileEncoding = 4; lastKnownFileType = sourcecode.swift; path = ImageLoader.swift; sourceTree = "<group>"; };
		77DEDF2DA012392D9D119AD9 /* Pods-proun-ios-exercise-swiftuiTests.release.xcconfig */ = {isa = PBXFileReference; includeInIndex = 1; lastKnownFileType = text.xcconfig; name = "Pods-proun-ios-exercise-swiftuiTests.release.xcconfig"; path = "Target Support Files/Pods-proun-ios-exercise-swiftuiTests/Pods-proun-ios-exercise-swiftuiTests.release.xcconfig"; sourceTree = "<group>"; };
		973A8BC6C4891C56F844388E /* Pods_proun_ios_exercise_swiftuiTests.framework */ = {isa = PBXFileReference; explicitFileType = wrapper.framework; includeInIndex = 0; path = Pods_proun_ios_exercise_swiftuiTests.framework; sourceTree = BUILT_PRODUCTS_DIR; };
		A43B06C1A4F9DB559A192486 /* Pods_proun_ios_exercise_swiftui.framework */ = {isa = PBXFileReference; explicitFileType = wrapper.framework; includeInIndex = 0; path = Pods_proun_ios_exercise_swiftui.framework; sourceTree = BUILT_PRODUCTS_DIR; };
		B4230D4D1931396D05EE5E99 /* Pods-proun-ios-exercise-swiftuiTests.debug.xcconfig */ = {isa = PBXFileReference; includeInIndex = 1; lastKnownFileType = text.xcconfig; name = "Pods-proun-ios-exercise-swiftuiTests.debug.xcconfig"; path = "Target Support Files/Pods-proun-ios-exercise-swiftuiTests/Pods-proun-ios-exercise-swiftuiTests.debug.xcconfig"; sourceTree = "<group>"; };
		B91FFCBA435233B90AE8C1E8 /* Pods_proun_ios_exercise_swiftui_proun_ios_exercise_swiftuiUITests.framework */ = {isa = PBXFileReference; explicitFileType = wrapper.framework; includeInIndex = 0; path = Pods_proun_ios_exercise_swiftui_proun_ios_exercise_swiftuiUITests.framework; sourceTree = BUILT_PRODUCTS_DIR; };
		C3F1E768FE5F69ED3ED419A1 /* Pods-proun-ios-exercise-swiftui.debug.xcconfig */ = {isa = PBXFileReference; includeInIndex = 1; lastKnownFileType = text.xcconfig; name = "Pods-proun-ios-exercise-swiftui.debug.xcconfig"; path = "Target Support Files/Pods-proun-ios-exercise-swiftui/Pods-proun-ios-exercise-swiftui.debug.xcconfig"; sourceTree = "<group>"; };
		C9D1A9069F931B5C3B2CE253 /* Pods-proun-ios-exercise-swiftui-proun-ios-exercise-swiftuiUITests.release.xcconfig */ = {isa = PBXFileReference; includeInIndex = 1; lastKnownFileType = text.xcconfig; name = "Pods-proun-ios-exercise-swiftui-proun-ios-exercise-swiftuiUITests.release.xcconfig"; path = "Target Support Files/Pods-proun-ios-exercise-swiftui-proun-ios-exercise-swiftuiUITests/Pods-proun-ios-exercise-swiftui-proun-ios-exercise-swiftuiUITests.release.xcconfig"; sourceTree = "<group>"; };
/* End PBXFileReference section */

/* Begin PBXFrameworksBuildPhase section */
		633A1FBB26DFDD9E00962421 /* Frameworks */ = {
			isa = PBXFrameworksBuildPhase;
			buildActionMask = 2147483647;
			files = (
				21DD032A8AC433F328AA03D1 /* Pods_proun_ios_exercise_swiftui.framework in Frameworks */,
			);
			runOnlyForDeploymentPostprocessing = 0;
		};
		633A1FCC26DFDDA000962421 /* Frameworks */ = {
			isa = PBXFrameworksBuildPhase;
			buildActionMask = 2147483647;
			files = (
				31E1CDFFD6666FE546F40FB9 /* Pods_proun_ios_exercise_swiftuiTests.framework in Frameworks */,
			);
			runOnlyForDeploymentPostprocessing = 0;
		};
		633A1FD726DFDDA000962421 /* Frameworks */ = {
			isa = PBXFrameworksBuildPhase;
			buildActionMask = 2147483647;
			files = (
				41256A99306C107DFA010608 /* Pods_proun_ios_exercise_swiftui_proun_ios_exercise_swiftuiUITests.framework in Frameworks */,
			);
			runOnlyForDeploymentPostprocessing = 0;
		};
/* End PBXFrameworksBuildPhase section */

/* Begin PBXGroup section */
		6303736426E23175005F19E2 /* Resouces */ = {
			isa = PBXGroup;
			children = (
				6303736526E231E8005F19E2 /* mapStyle.json */,
				6303A18C26E0D8EC008A16BB /* Fonts */,
			);
			path = Resouces;
			sourceTree = "<group>";
		};
		6303A18C26E0D8EC008A16BB /* Fonts */ = {
			isa = PBXGroup;
			children = (
				63D71AA826E4F40400E94C51 /* Roboto-Regular.ttf */,
				63D71AB226E50CDF00E94C51 /* Roboto-Light.ttf */,
				63D71AAA26E4F44E00E94C51 /* Roboto-Medium.ttf */,
				633A201C26E0D50A00962421 /* TradeGothicLTStd-BdCn20.otf */,
			);
			path = Fonts;
			sourceTree = "<group>";
		};
		630F017C26E3D45E0012A45B /* EventTabbar */ = {
			isa = PBXGroup;
			children = (
				630F017D26E3D4710012A45B /* EventTabBarPaginatorView.swift */,
				630F018126E3D5370012A45B /* EventTabbarView.swift */,
			);
			path = EventTabbar;
			sourceTree = "<group>";
		};
		630F018326E3D5F80012A45B /* POI Detail */ = {
			isa = PBXGroup;
			children = (
				6303736926E27116005F19E2 /* POIDetailPopUp.swift */,
				630F018626E3D63A0012A45B /* EventsListView.swift */,
			);
			path = "POI Detail";
			sourceTree = "<group>";
		};
		630F018426E3D6160012A45B /* Map */ = {
			isa = PBXGroup;
			children = (
				633A201026E0CB6A00962421 /* MapView.swift */,
			);
			path = Map;
			sourceTree = "<group>";
		};
		630F018526E3D6200012A45B /* POI List */ = {
			isa = PBXGroup;
			children = (
				633A201226E0CB7D00962421 /* POIsListView.swift */,
			);
			path = "POI List";
			sourceTree = "<group>";
		};
		630F018826E3E2080012A45B /* ListCells */ = {
			isa = PBXGroup;
			children = (
				630F018926E3E21E0012A45B /* EventCell.swift */,
				63D71AAE26E503C000E94C51 /* POICell.swift */,
			);
			path = ListCells;
			sourceTree = "<group>";
		};
		633A1FB526DFDD9E00962421 = {
			isa = PBXGroup;
			children = (
				633A1FC026DFDD9E00962421 /* proun-ios-exercise-swiftui */,
				633A1FD226DFDDA000962421 /* proun-ios-exercise-swiftuiTests */,
				633A1FDD26DFDDA000962421 /* proun-ios-exercise-swiftuiUITests */,
				633A1FBF26DFDD9E00962421 /* Products */,
				9201C0EB9AAD0A0BF32AFB17 /* Pods */,
				8BA896A9C376BD6D97F8B6B0 /* Frameworks */,
			);
			sourceTree = "<group>";
		};
		633A1FBF26DFDD9E00962421 /* Products */ = {
			isa = PBXGroup;
			children = (
				633A1FBE26DFDD9E00962421 /* proun-ios-exercise-swiftui.app */,
				633A1FCF26DFDDA000962421 /* proun-ios-exercise-swiftuiTests.xctest */,
				633A1FDA26DFDDA000962421 /* proun-ios-exercise-swiftuiUITests.xctest */,
			);
			name = Products;
			sourceTree = "<group>";
		};
		633A1FC026DFDD9E00962421 /* proun-ios-exercise-swiftui */ = {
			isa = PBXGroup;
			children = (
				633A1FC126DFDD9E00962421 /* proun_ios_exercise_swiftuiApp.swift */,
				633A200526E0111D00962421 /* Extensions */,
				633A200B26E0124800962421 /* Util */,
				633A1FF126DFDE1E00962421 /* Data */,
				633A1FF026DFDE0F00962421 /* Utils */,
				633A1FED26DFDDB700962421 /* Views */,
				633A1FEC26DFDDAD00962421 /* ViewModels */,
				633A1FC526DFDDA000962421 /* Assets.xcassets */,
				6303736426E23175005F19E2 /* Resouces */,
				633A1FCA26DFDDA000962421 /* Info.plist */,
				633A1FC726DFDDA000962421 /* Preview Content */,
			);
			path = "proun-ios-exercise-swiftui";
			sourceTree = "<group>";
		};
		633A1FC726DFDDA000962421 /* Preview Content */ = {
			isa = PBXGroup;
			children = (
				633A1FC826DFDDA000962421 /* Preview Assets.xcassets */,
			);
			path = "Preview Content";
			sourceTree = "<group>";
		};
		633A1FD226DFDDA000962421 /* proun-ios-exercise-swiftuiTests */ = {
			isa = PBXGroup;
			children = (
				633A1FD326DFDDA000962421 /* proun_ios_exercise_swiftuiTests.swift */,
				633A1FD526DFDDA000962421 /* Info.plist */,
			);
			path = "proun-ios-exercise-swiftuiTests";
			sourceTree = "<group>";
		};
		633A1FDD26DFDDA000962421 /* proun-ios-exercise-swiftuiUITests */ = {
			isa = PBXGroup;
			children = (
				633A1FDE26DFDDA000962421 /* proun_ios_exercise_swiftuiUITests.swift */,
				633A1FE026DFDDA000962421 /* Info.plist */,
			);
			path = "proun-ios-exercise-swiftuiUITests";
			sourceTree = "<group>";
		};
		633A1FEC26DFDDAD00962421 /* ViewModels */ = {
			isa = PBXGroup;
			children = (
				633A200E26E017DC00962421 /* POIViewModel.swift */,
				6303A18F26E0EB64008A16BB /* MapViewModel.swift */,
				630F017826E3B2200012A45B /* AudioPlayerViewModel.swift */,
			);
			path = ViewModels;
			sourceTree = "<group>";
		};
		633A1FED26DFDDB700962421 /* Views */ = {
			isa = PBXGroup;
			children = (
				633A201926E0D35500962421 /* Components */,
				633A1FEE26DFDDD000962421 /* MainView.swift */,
				630F018426E3D6160012A45B /* Map */,
				630F018526E3D6200012A45B /* POI List */,
				630F018326E3D5F80012A45B /* POI Detail */,
			);
			path = Views;
			sourceTree = "<group>";
		};
		633A1FF026DFDE0F00962421 /* Utils */ = {
			isa = PBXGroup;
			children = (
			);
			path = Utils;
			sourceTree = "<group>";
		};
		633A1FF126DFDE1E00962421 /* Data */ = {
			isa = PBXGroup;
			children = (
				633A200426E00FB000962421 /* Data Models */,
				633A200026E00F9900962421 /* RequestManager.swift */,
				633A200226E00FAD00962421 /* Connection.swift */,
				633A1FF226DFDE2300962421 /* Models */,
			);
			path = Data;
			sourceTree = "<group>";
		};
		633A1FF226DFDE2300962421 /* Models */ = {
			isa = PBXGroup;
			children = (
			);
			path = Models;
			sourceTree = "<group>";
		};
		633A1FF326DFDE2800962421 /* Responses */ = {
			isa = PBXGroup;
			children = (
				633A1FF426DFDE9500962421 /* DistrictPOIsResponse.swift */,
			);
			path = Responses;
			sourceTree = "<group>";
		};
		633A200426E00FB000962421 /* Data Models */ = {
			isa = PBXGroup;
			children = (
				633A1FF626DFDEB500962421 /* BaseModel.swift */,
				63D71ABF26E56A4400E94C51 /* POI */,
				633A1FF326DFDE2800962421 /* Responses */,
			);
			path = "Data Models";
			sourceTree = "<group>";
		};
		633A200526E0111D00962421 /* Extensions */ = {
			isa = PBXGroup;
			children = (
				633A200626E0112800962421 /* Int+HttpStatus.swift */,
				6303736026E223EC005F19E2 /* GMSPolyline.swift */,
				630F017A26E3C6060012A45B /* GMSMarker.swift */,
				6303735C26E147D3005F19E2 /* Double.swift */,
				6303736226E22A99005F19E2 /* UIImage+Image.swift */,
				630A3CA026E60D0200D32FD7 /* AVPlayer.swift */,
				63B0C4BE26E4E4200052605B /* Date.swift */,
				63D71AAC26E4F70300E94C51 /* CMTime.swift */,
			);
			path = Extensions;
			sourceTree = "<group>";
		};
		633A200B26E0124800962421 /* Util */ = {
			isa = PBXGroup;
			children = (
				633A200C26E0125300962421 /* Constants.swift */,
			);
			path = Util;
			sourceTree = "<group>";
		};
		633A201926E0D35500962421 /* Components */ = {
			isa = PBXGroup;
			children = (
				633A201A26E0D36300962421 /* NavbarView.swift */,
				6303A18D26E0E38B008A16BB /* TabbarView.swift */,
				6303736726E247CD005F19E2 /* MapMarkerView.swift */,
				6303736B26E28381005F19E2 /* ImageCarouselView.swift */,
				6303736D26E2E32C005F19E2 /* AudioPlayerView.swift */,
				63D71AB426E50DAE00E94C51 /* LoaderView.swift */,
				63D71AB626E514FE00E94C51 /* AsyncImageLoader */,
				630F018826E3E2080012A45B /* ListCells */,
				630F017C26E3D45E0012A45B /* EventTabbar */,
			);
			path = Components;
			sourceTree = "<group>";
		};
		63D71AB626E514FE00E94C51 /* AsyncImageLoader */ = {
			isa = PBXGroup;
			children = (
				63D71AB826E5153500E94C51 /* AsyncImage.swift */,
				63D71AB726E5153500E94C51 /* EnvironmentValues+ImageCache.swift */,
				63D71AB926E5153500E94C51 /* ImageCache.swift */,
				63D71ABA26E5153500E94C51 /* ImageLoader.swift */,
			);
			path = AsyncImageLoader;
			sourceTree = "<group>";
		};
		63D71ABF26E56A4400E94C51 /* POI */ = {
			isa = PBXGroup;
			children = (
				633A1FF826DFDFFD00962421 /* MediaModel.swift */,
				633A1FFA26E00AEE00962421 /* POIModel.swift */,
				633A1FFC26E00B8A00962421 /* CategoryModel.swift */,
				633A1FFE26E00CF700962421 /* EventModel.swift */,
			);
			path = POI;
			sourceTree = "<group>";
		};
		8BA896A9C376BD6D97F8B6B0 /* Frameworks */ = {
			isa = PBXGroup;
			children = (
				A43B06C1A4F9DB559A192486 /* Pods_proun_ios_exercise_swiftui.framework */,
				B91FFCBA435233B90AE8C1E8 /* Pods_proun_ios_exercise_swiftui_proun_ios_exercise_swiftuiUITests.framework */,
				973A8BC6C4891C56F844388E /* Pods_proun_ios_exercise_swiftuiTests.framework */,
			);
			name = Frameworks;
			sourceTree = "<group>";
		};
		9201C0EB9AAD0A0BF32AFB17 /* Pods */ = {
			isa = PBXGroup;
			children = (
				C3F1E768FE5F69ED3ED419A1 /* Pods-proun-ios-exercise-swiftui.debug.xcconfig */,
				538A03C96CEF350870AA3B07 /* Pods-proun-ios-exercise-swiftui.release.xcconfig */,
				0BCF1315B2EBD307D689D768 /* Pods-proun-ios-exercise-swiftui-proun-ios-exercise-swiftuiUITests.debug.xcconfig */,
				C9D1A9069F931B5C3B2CE253 /* Pods-proun-ios-exercise-swiftui-proun-ios-exercise-swiftuiUITests.release.xcconfig */,
				B4230D4D1931396D05EE5E99 /* Pods-proun-ios-exercise-swiftuiTests.debug.xcconfig */,
				77DEDF2DA012392D9D119AD9 /* Pods-proun-ios-exercise-swiftuiTests.release.xcconfig */,
			);
			path = Pods;
			sourceTree = "<group>";
		};
/* End PBXGroup section */

/* Begin PBXNativeTarget section */
		633A1FBD26DFDD9E00962421 /* proun-ios-exercise-swiftui */ = {
			isa = PBXNativeTarget;
			buildConfigurationList = 633A1FE326DFDDA000962421 /* Build configuration list for PBXNativeTarget "proun-ios-exercise-swiftui" */;
			buildPhases = (
				39DF61DCFD6745C45B48232D /* [CP] Check Pods Manifest.lock */,
				633A1FBA26DFDD9E00962421 /* Sources */,
				633A1FBB26DFDD9E00962421 /* Frameworks */,
				633A1FBC26DFDD9E00962421 /* Resources */,
				EEE88998A9EF887108BFE09A /* [CP] Copy Pods Resources */,
			);
			buildRules = (
			);
			dependencies = (
			);
			name = "proun-ios-exercise-swiftui";
			productName = "proun-ios-exercise-swiftui";
			productReference = 633A1FBE26DFDD9E00962421 /* proun-ios-exercise-swiftui.app */;
			productType = "com.apple.product-type.application";
		};
		633A1FCE26DFDDA000962421 /* proun-ios-exercise-swiftuiTests */ = {
			isa = PBXNativeTarget;
			buildConfigurationList = 633A1FE626DFDDA000962421 /* Build configuration list for PBXNativeTarget "proun-ios-exercise-swiftuiTests" */;
			buildPhases = (
				95BE2F17656FA7AC5A83F603 /* [CP] Check Pods Manifest.lock */,
				633A1FCB26DFDDA000962421 /* Sources */,
				633A1FCC26DFDDA000962421 /* Frameworks */,
				633A1FCD26DFDDA000962421 /* Resources */,
			);
			buildRules = (
			);
			dependencies = (
				633A1FD126DFDDA000962421 /* PBXTargetDependency */,
			);
			name = "proun-ios-exercise-swiftuiTests";
			productName = "proun-ios-exercise-swiftuiTests";
			productReference = 633A1FCF26DFDDA000962421 /* proun-ios-exercise-swiftuiTests.xctest */;
			productType = "com.apple.product-type.bundle.unit-test";
		};
		633A1FD926DFDDA000962421 /* proun-ios-exercise-swiftuiUITests */ = {
			isa = PBXNativeTarget;
			buildConfigurationList = 633A1FE926DFDDA000962421 /* Build configuration list for PBXNativeTarget "proun-ios-exercise-swiftuiUITests" */;
			buildPhases = (
				99FDF8B68F81DAEC8E1F7461 /* [CP] Check Pods Manifest.lock */,
				633A1FD626DFDDA000962421 /* Sources */,
				633A1FD726DFDDA000962421 /* Frameworks */,
				633A1FD826DFDDA000962421 /* Resources */,
				237D0333F9C613E4E92ED4AA /* [CP] Copy Pods Resources */,
			);
			buildRules = (
			);
			dependencies = (
				633A1FDC26DFDDA000962421 /* PBXTargetDependency */,
			);
			name = "proun-ios-exercise-swiftuiUITests";
			productName = "proun-ios-exercise-swiftuiUITests";
			productReference = 633A1FDA26DFDDA000962421 /* proun-ios-exercise-swiftuiUITests.xctest */;
			productType = "com.apple.product-type.bundle.ui-testing";
		};
/* End PBXNativeTarget section */

/* Begin PBXProject section */
		633A1FB626DFDD9E00962421 /* Project object */ = {
			isa = PBXProject;
			attributes = {
				LastSwiftUpdateCheck = 1250;
				LastUpgradeCheck = 1250;
				TargetAttributes = {
					633A1FBD26DFDD9E00962421 = {
						CreatedOnToolsVersion = 12.5.1;
					};
					633A1FCE26DFDDA000962421 = {
						CreatedOnToolsVersion = 12.5.1;
						TestTargetID = 633A1FBD26DFDD9E00962421;
					};
					633A1FD926DFDDA000962421 = {
						CreatedOnToolsVersion = 12.5.1;
						TestTargetID = 633A1FBD26DFDD9E00962421;
					};
				};
			};
			buildConfigurationList = 633A1FB926DFDD9E00962421 /* Build configuration list for PBXProject "proun-ios-exercise-swiftui" */;
			compatibilityVersion = "Xcode 9.3";
			developmentRegion = en;
			hasScannedForEncodings = 0;
			knownRegions = (
				en,
				Base,
			);
			mainGroup = 633A1FB526DFDD9E00962421;
			productRefGroup = 633A1FBF26DFDD9E00962421 /* Products */;
			projectDirPath = "";
			projectRoot = "";
			targets = (
				633A1FBD26DFDD9E00962421 /* proun-ios-exercise-swiftui */,
				633A1FCE26DFDDA000962421 /* proun-ios-exercise-swiftuiTests */,
				633A1FD926DFDDA000962421 /* proun-ios-exercise-swiftuiUITests */,
			);
		};
/* End PBXProject section */

/* Begin PBXResourcesBuildPhase section */
		633A1FBC26DFDD9E00962421 /* Resources */ = {
			isa = PBXResourcesBuildPhase;
			buildActionMask = 2147483647;
			files = (
				6303736626E231E8005F19E2 /* mapStyle.json in Resources */,
				633A201D26E0D52E00962421 /* TradeGothicLTStd-BdCn20.otf in Resources */,
				63D71AAB26E4F45100E94C51 /* Roboto-Medium.ttf in Resources */,
				63D71AA926E4F40900E94C51 /* Roboto-Regular.ttf in Resources */,
				63D71AB326E50CDF00E94C51 /* Roboto-Light.ttf in Resources */,
				633A1FC926DFDDA000962421 /* Preview Assets.xcassets in Resources */,
				633A1FC626DFDDA000962421 /* Assets.xcassets in Resources */,
			);
			runOnlyForDeploymentPostprocessing = 0;
		};
		633A1FCD26DFDDA000962421 /* Resources */ = {
			isa = PBXResourcesBuildPhase;
			buildActionMask = 2147483647;
			files = (
			);
			runOnlyForDeploymentPostprocessing = 0;
		};
		633A1FD826DFDDA000962421 /* Resources */ = {
			isa = PBXResourcesBuildPhase;
			buildActionMask = 2147483647;
			files = (
			);
			runOnlyForDeploymentPostprocessing = 0;
		};
/* End PBXResourcesBuildPhase section */

/* Begin PBXShellScriptBuildPhase section */
		237D0333F9C613E4E92ED4AA /* [CP] Copy Pods Resources */ = {
			isa = PBXShellScriptBuildPhase;
			buildActionMask = 2147483647;
			files = (
			);
			inputFileListPaths = (
				"${PODS_ROOT}/Target Support Files/Pods-proun-ios-exercise-swiftui-proun-ios-exercise-swiftuiUITests/Pods-proun-ios-exercise-swiftui-proun-ios-exercise-swiftuiUITests-resources-${CONFIGURATION}-input-files.xcfilelist",
			);
			name = "[CP] Copy Pods Resources";
			outputFileListPaths = (
				"${PODS_ROOT}/Target Support Files/Pods-proun-ios-exercise-swiftui-proun-ios-exercise-swiftuiUITests/Pods-proun-ios-exercise-swiftui-proun-ios-exercise-swiftuiUITests-resources-${CONFIGURATION}-output-files.xcfilelist",
			);
			runOnlyForDeploymentPostprocessing = 0;
			shellPath = /bin/sh;
			shellScript = "\"${PODS_ROOT}/Target Support Files/Pods-proun-ios-exercise-swiftui-proun-ios-exercise-swiftuiUITests/Pods-proun-ios-exercise-swiftui-proun-ios-exercise-swiftuiUITests-resources.sh\"\n";
			showEnvVarsInLog = 0;
		};
		39DF61DCFD6745C45B48232D /* [CP] Check Pods Manifest.lock */ = {
			isa = PBXShellScriptBuildPhase;
			buildActionMask = 2147483647;
			files = (
			);
			inputFileListPaths = (
			);
			inputPaths = (
				"${PODS_PODFILE_DIR_PATH}/Podfile.lock",
				"${PODS_ROOT}/Manifest.lock",
			);
			name = "[CP] Check Pods Manifest.lock";
			outputFileListPaths = (
			);
			outputPaths = (
				"$(DERIVED_FILE_DIR)/Pods-proun-ios-exercise-swiftui-checkManifestLockResult.txt",
			);
			runOnlyForDeploymentPostprocessing = 0;
			shellPath = /bin/sh;
			shellScript = "diff \"${PODS_PODFILE_DIR_PATH}/Podfile.lock\" \"${PODS_ROOT}/Manifest.lock\" > /dev/null\nif [ $? != 0 ] ; then\n    # print error to STDERR\n    echo \"error: The sandbox is not in sync with the Podfile.lock. Run 'pod install' or update your CocoaPods installation.\" >&2\n    exit 1\nfi\n# This output is used by Xcode 'outputs' to avoid re-running this script phase.\necho \"SUCCESS\" > \"${SCRIPT_OUTPUT_FILE_0}\"\n";
			showEnvVarsInLog = 0;
		};
		95BE2F17656FA7AC5A83F603 /* [CP] Check Pods Manifest.lock */ = {
			isa = PBXShellScriptBuildPhase;
			buildActionMask = 2147483647;
			files = (
			);
			inputFileListPaths = (
			);
			inputPaths = (
				"${PODS_PODFILE_DIR_PATH}/Podfile.lock",
				"${PODS_ROOT}/Manifest.lock",
			);
			name = "[CP] Check Pods Manifest.lock";
			outputFileListPaths = (
			);
			outputPaths = (
				"$(DERIVED_FILE_DIR)/Pods-proun-ios-exercise-swiftuiTests-checkManifestLockResult.txt",
			);
			runOnlyForDeploymentPostprocessing = 0;
			shellPath = /bin/sh;
			shellScript = "diff \"${PODS_PODFILE_DIR_PATH}/Podfile.lock\" \"${PODS_ROOT}/Manifest.lock\" > /dev/null\nif [ $? != 0 ] ; then\n    # print error to STDERR\n    echo \"error: The sandbox is not in sync with the Podfile.lock. Run 'pod install' or update your CocoaPods installation.\" >&2\n    exit 1\nfi\n# This output is used by Xcode 'outputs' to avoid re-running this script phase.\necho \"SUCCESS\" > \"${SCRIPT_OUTPUT_FILE_0}\"\n";
			showEnvVarsInLog = 0;
		};
		99FDF8B68F81DAEC8E1F7461 /* [CP] Check Pods Manifest.lock */ = {
			isa = PBXShellScriptBuildPhase;
			buildActionMask = 2147483647;
			files = (
			);
			inputFileListPaths = (
			);
			inputPaths = (
				"${PODS_PODFILE_DIR_PATH}/Podfile.lock",
				"${PODS_ROOT}/Manifest.lock",
			);
			name = "[CP] Check Pods Manifest.lock";
			outputFileListPaths = (
			);
			outputPaths = (
				"$(DERIVED_FILE_DIR)/Pods-proun-ios-exercise-swiftui-proun-ios-exercise-swiftuiUITests-checkManifestLockResult.txt",
			);
			runOnlyForDeploymentPostprocessing = 0;
			shellPath = /bin/sh;
			shellScript = "diff \"${PODS_PODFILE_DIR_PATH}/Podfile.lock\" \"${PODS_ROOT}/Manifest.lock\" > /dev/null\nif [ $? != 0 ] ; then\n    # print error to STDERR\n    echo \"error: The sandbox is not in sync with the Podfile.lock. Run 'pod install' or update your CocoaPods installation.\" >&2\n    exit 1\nfi\n# This output is used by Xcode 'outputs' to avoid re-running this script phase.\necho \"SUCCESS\" > \"${SCRIPT_OUTPUT_FILE_0}\"\n";
			showEnvVarsInLog = 0;
		};
		EEE88998A9EF887108BFE09A /* [CP] Copy Pods Resources */ = {
			isa = PBXShellScriptBuildPhase;
			buildActionMask = 2147483647;
			files = (
			);
			inputFileListPaths = (
				"${PODS_ROOT}/Target Support Files/Pods-proun-ios-exercise-swiftui/Pods-proun-ios-exercise-swiftui-resources-${CONFIGURATION}-input-files.xcfilelist",
			);
			name = "[CP] Copy Pods Resources";
			outputFileListPaths = (
				"${PODS_ROOT}/Target Support Files/Pods-proun-ios-exercise-swiftui/Pods-proun-ios-exercise-swiftui-resources-${CONFIGURATION}-output-files.xcfilelist",
			);
			runOnlyForDeploymentPostprocessing = 0;
			shellPath = /bin/sh;
			shellScript = "\"${PODS_ROOT}/Target Support Files/Pods-proun-ios-exercise-swiftui/Pods-proun-ios-exercise-swiftui-resources.sh\"\n";
			showEnvVarsInLog = 0;
		};
/* End PBXShellScriptBuildPhase section */

/* Begin PBXSourcesBuildPhase section */
		633A1FBA26DFDD9E00962421 /* Sources */ = {
			isa = PBXSourcesBuildPhase;
			buildActionMask = 2147483647;
			files = (
				6303A18E26E0E38B008A16BB /* TabbarView.swift in Sources */,
				633A200326E00FAD00962421 /* Connection.swift in Sources */,
				630F017B26E3C6060012A45B /* GMSMarker.swift in Sources */,
				633A1FFF26E00CF700962421 /* EventModel.swift in Sources */,
				633A1FF926DFDFFD00962421 /* MediaModel.swift in Sources */,
				633A1FF726DFDEB500962421 /* BaseModel.swift in Sources */,
				6303736E26E2E32C005F19E2 /* AudioPlayerView.swift in Sources */,
				63D71AB526E50DAE00E94C51 /* LoaderView.swift in Sources */,
				63D71AAF26E503C000E94C51 /* POICell.swift in Sources */,
				63D71ABD26E5153500E94C51 /* ImageCache.swift in Sources */,
				63D71ABB26E5153500E94C51 /* EnvironmentValues+ImageCache.swift in Sources */,
				633A1FEF26DFDDD000962421 /* MainView.swift in Sources */,
				630F017F26E3D4710012A45B /* EventTabBarPaginatorView.swift in Sources */,
				633A1FFB26E00AEE00962421 /* POIModel.swift in Sources */,
				633A200D26E0125300962421 /* Constants.swift in Sources */,
				633A201126E0CB6A00962421 /* MapView.swift in Sources */,
				630A3CA126E60D0200D32FD7 /* AVPlayer.swift in Sources */,
				633A200126E00F9900962421 /* RequestManager.swift in Sources */,
				6303A19026E0EB64008A16BB /* MapViewModel.swift in Sources */,
				63B0C4BF26E4E4200052605B /* Date.swift in Sources */,
				6303735D26E147D3005F19E2 /* Double.swift in Sources */,
				6303736A26E27116005F19E2 /* POIDetailPopUp.swift in Sources */,
				63D71AAD26E4F70300E94C51 /* CMTime.swift in Sources */,
				633A1FFD26E00B8A00962421 /* CategoryModel.swift in Sources */,
				630F017926E3B2200012A45B /* AudioPlayerViewModel.swift in Sources */,
				633A200726E0112800962421 /* Int+HttpStatus.swift in Sources */,
				633A200F26E017DC00962421 /* POIViewModel.swift in Sources */,
				630F018A26E3E21E0012A45B /* EventCell.swift in Sources */,
				6303736826E247CD005F19E2 /* MapMarkerView.swift in Sources */,
				6303736126E223EC005F19E2 /* GMSPolyline.swift in Sources */,
				633A201B26E0D36300962421 /* NavbarView.swift in Sources */,
				6303736326E22A99005F19E2 /* UIImage+Image.swift in Sources */,
				633A1FC226DFDD9E00962421 /* proun_ios_exercise_swiftuiApp.swift in Sources */,
				63D71ABE26E5153500E94C51 /* ImageLoader.swift in Sources */,
				630F018726E3D63A0012A45B /* EventsListView.swift in Sources */,
				633A201326E0CB7D00962421 /* POIsListView.swift in Sources */,
				6303736C26E28381005F19E2 /* ImageCarouselView.swift in Sources */,
				633A1FF526DFDE9500962421 /* DistrictPOIsResponse.swift in Sources */,
				63D71ABC26E5153500E94C51 /* AsyncImage.swift in Sources */,
				630F018226E3D5370012A45B /* EventTabbarView.swift in Sources */,
			);
			runOnlyForDeploymentPostprocessing = 0;
		};
		633A1FCB26DFDDA000962421 /* Sources */ = {
			isa = PBXSourcesBuildPhase;
			buildActionMask = 2147483647;
			files = (
				633A1FD426DFDDA000962421 /* proun_ios_exercise_swiftuiTests.swift in Sources */,
			);
			runOnlyForDeploymentPostprocessing = 0;
		};
		633A1FD626DFDDA000962421 /* Sources */ = {
			isa = PBXSourcesBuildPhase;
			buildActionMask = 2147483647;
			files = (
				633A1FDF26DFDDA000962421 /* proun_ios_exercise_swiftuiUITests.swift in Sources */,
			);
			runOnlyForDeploymentPostprocessing = 0;
		};
/* End PBXSourcesBuildPhase section */

/* Begin PBXTargetDependency section */
		633A1FD126DFDDA000962421 /* PBXTargetDependency */ = {
			isa = PBXTargetDependency;
			target = 633A1FBD26DFDD9E00962421 /* proun-ios-exercise-swiftui */;
			targetProxy = 633A1FD026DFDDA000962421 /* PBXContainerItemProxy */;
		};
		633A1FDC26DFDDA000962421 /* PBXTargetDependency */ = {
			isa = PBXTargetDependency;
			target = 633A1FBD26DFDD9E00962421 /* proun-ios-exercise-swiftui */;
			targetProxy = 633A1FDB26DFDDA000962421 /* PBXContainerItemProxy */;
		};
/* End PBXTargetDependency section */

/* Begin XCBuildConfiguration section */
		633A1FE126DFDDA000962421 /* Debug */ = {
			isa = XCBuildConfiguration;
			buildSettings = {
				ALWAYS_SEARCH_USER_PATHS = NO;
				CLANG_ANALYZER_NONNULL = YES;
				CLANG_ANALYZER_NUMBER_OBJECT_CONVERSION = YES_AGGRESSIVE;
				CLANG_CXX_LANGUAGE_STANDARD = "gnu++14";
				CLANG_CXX_LIBRARY = "libc++";
				CLANG_ENABLE_MODULES = YES;
				CLANG_ENABLE_OBJC_ARC = YES;
				CLANG_ENABLE_OBJC_WEAK = YES;
				CLANG_WARN_BLOCK_CAPTURE_AUTORELEASING = YES;
				CLANG_WARN_BOOL_CONVERSION = YES;
				CLANG_WARN_COMMA = YES;
				CLANG_WARN_CONSTANT_CONVERSION = YES;
				CLANG_WARN_DEPRECATED_OBJC_IMPLEMENTATIONS = YES;
				CLANG_WARN_DIRECT_OBJC_ISA_USAGE = YES_ERROR;
				CLANG_WARN_DOCUMENTATION_COMMENTS = YES;
				CLANG_WARN_EMPTY_BODY = YES;
				CLANG_WARN_ENUM_CONVERSION = YES;
				CLANG_WARN_INFINITE_RECURSION = YES;
				CLANG_WARN_INT_CONVERSION = YES;
				CLANG_WARN_NON_LITERAL_NULL_CONVERSION = YES;
				CLANG_WARN_OBJC_IMPLICIT_RETAIN_SELF = YES;
				CLANG_WARN_OBJC_LITERAL_CONVERSION = YES;
				CLANG_WARN_OBJC_ROOT_CLASS = YES_ERROR;
				CLANG_WARN_QUOTED_INCLUDE_IN_FRAMEWORK_HEADER = YES;
				CLANG_WARN_RANGE_LOOP_ANALYSIS = YES;
				CLANG_WARN_STRICT_PROTOTYPES = YES;
				CLANG_WARN_SUSPICIOUS_MOVE = YES;
				CLANG_WARN_UNGUARDED_AVAILABILITY = YES_AGGRESSIVE;
				CLANG_WARN_UNREACHABLE_CODE = YES;
				CLANG_WARN__DUPLICATE_METHOD_MATCH = YES;
				COPY_PHASE_STRIP = NO;
				DEBUG_INFORMATION_FORMAT = dwarf;
				ENABLE_STRICT_OBJC_MSGSEND = YES;
				ENABLE_TESTABILITY = YES;
				GCC_C_LANGUAGE_STANDARD = gnu11;
				GCC_DYNAMIC_NO_PIC = NO;
				GCC_NO_COMMON_BLOCKS = YES;
				GCC_OPTIMIZATION_LEVEL = 0;
				GCC_PREPROCESSOR_DEFINITIONS = (
					"DEBUG=1",
					"$(inherited)",
				);
				GCC_WARN_64_TO_32_BIT_CONVERSION = YES;
				GCC_WARN_ABOUT_RETURN_TYPE = YES_ERROR;
				GCC_WARN_UNDECLARED_SELECTOR = YES;
				GCC_WARN_UNINITIALIZED_AUTOS = YES_AGGRESSIVE;
				GCC_WARN_UNUSED_FUNCTION = YES;
				GCC_WARN_UNUSED_VARIABLE = YES;
				IPHONEOS_DEPLOYMENT_TARGET = 14.5;
				MTL_ENABLE_DEBUG_INFO = INCLUDE_SOURCE;
				MTL_FAST_MATH = YES;
				ONLY_ACTIVE_ARCH = YES;
				SDKROOT = iphoneos;
				SWIFT_ACTIVE_COMPILATION_CONDITIONS = DEBUG;
				SWIFT_OPTIMIZATION_LEVEL = "-Onone";
			};
			name = Debug;
		};
		633A1FE226DFDDA000962421 /* Release */ = {
			isa = XCBuildConfiguration;
			buildSettings = {
				ALWAYS_SEARCH_USER_PATHS = NO;
				CLANG_ANALYZER_NONNULL = YES;
				CLANG_ANALYZER_NUMBER_OBJECT_CONVERSION = YES_AGGRESSIVE;
				CLANG_CXX_LANGUAGE_STANDARD = "gnu++14";
				CLANG_CXX_LIBRARY = "libc++";
				CLANG_ENABLE_MODULES = YES;
				CLANG_ENABLE_OBJC_ARC = YES;
				CLANG_ENABLE_OBJC_WEAK = YES;
				CLANG_WARN_BLOCK_CAPTURE_AUTORELEASING = YES;
				CLANG_WARN_BOOL_CONVERSION = YES;
				CLANG_WARN_COMMA = YES;
				CLANG_WARN_CONSTANT_CONVERSION = YES;
				CLANG_WARN_DEPRECATED_OBJC_IMPLEMENTATIONS = YES;
				CLANG_WARN_DIRECT_OBJC_ISA_USAGE = YES_ERROR;
				CLANG_WARN_DOCUMENTATION_COMMENTS = YES;
				CLANG_WARN_EMPTY_BODY = YES;
				CLANG_WARN_ENUM_CONVERSION = YES;
				CLANG_WARN_INFINITE_RECURSION = YES;
				CLANG_WARN_INT_CONVERSION = YES;
				CLANG_WARN_NON_LITERAL_NULL_CONVERSION = YES;
				CLANG_WARN_OBJC_IMPLICIT_RETAIN_SELF = YES;
				CLANG_WARN_OBJC_LITERAL_CONVERSION = YES;
				CLANG_WARN_OBJC_ROOT_CLASS = YES_ERROR;
				CLANG_WARN_QUOTED_INCLUDE_IN_FRAMEWORK_HEADER = YES;
				CLANG_WARN_RANGE_LOOP_ANALYSIS = YES;
				CLANG_WARN_STRICT_PROTOTYPES = YES;
				CLANG_WARN_SUSPICIOUS_MOVE = YES;
				CLANG_WARN_UNGUARDED_AVAILABILITY = YES_AGGRESSIVE;
				CLANG_WARN_UNREACHABLE_CODE = YES;
				CLANG_WARN__DUPLICATE_METHOD_MATCH = YES;
				COPY_PHASE_STRIP = NO;
				DEBUG_INFORMATION_FORMAT = "dwarf-with-dsym";
				ENABLE_NS_ASSERTIONS = NO;
				ENABLE_STRICT_OBJC_MSGSEND = YES;
				GCC_C_LANGUAGE_STANDARD = gnu11;
				GCC_NO_COMMON_BLOCKS = YES;
				GCC_WARN_64_TO_32_BIT_CONVERSION = YES;
				GCC_WARN_ABOUT_RETURN_TYPE = YES_ERROR;
				GCC_WARN_UNDECLARED_SELECTOR = YES;
				GCC_WARN_UNINITIALIZED_AUTOS = YES_AGGRESSIVE;
				GCC_WARN_UNUSED_FUNCTION = YES;
				GCC_WARN_UNUSED_VARIABLE = YES;
				IPHONEOS_DEPLOYMENT_TARGET = 14.5;
				MTL_ENABLE_DEBUG_INFO = NO;
				MTL_FAST_MATH = YES;
				SDKROOT = iphoneos;
				SWIFT_COMPILATION_MODE = wholemodule;
				SWIFT_OPTIMIZATION_LEVEL = "-O";
				VALIDATE_PRODUCT = YES;
			};
			name = Release;
		};
		633A1FE426DFDDA000962421 /* Debug */ = {
			isa = XCBuildConfiguration;
			baseConfigurationReference = C3F1E768FE5F69ED3ED419A1 /* Pods-proun-ios-exercise-swiftui.debug.xcconfig */;
			buildSettings = {
				ASSETCATALOG_COMPILER_APPICON_NAME = AppIcon;
				ASSETCATALOG_COMPILER_GLOBAL_ACCENT_COLOR_NAME = AccentColor;
				CODE_SIGN_STYLE = Automatic;
				DEVELOPMENT_ASSET_PATHS = "\"proun-ios-exercise-swiftui/Preview Content\"";
				DEVELOPMENT_TEAM = 5Y9TY9M8N6;
				ENABLE_PREVIEWS = YES;
				INFOPLIST_FILE = "proun-ios-exercise-swiftui/Info.plist";
				IPHONEOS_DEPLOYMENT_TARGET = 14.0;
				LD_RUNPATH_SEARCH_PATHS = (
					"$(inherited)",
					"@executable_path/Frameworks",
				);
				PRODUCT_BUNDLE_IDENTIFIER = "davidtejedor.proun-ios-exercise-swiftui";
				PRODUCT_NAME = "$(TARGET_NAME)";
				SWIFT_VERSION = 5.0;
				TARGETED_DEVICE_FAMILY = "1,2";
			};
			name = Debug;
		};
		633A1FE526DFDDA000962421 /* Release */ = {
			isa = XCBuildConfiguration;
			baseConfigurationReference = 538A03C96CEF350870AA3B07 /* Pods-proun-ios-exercise-swiftui.release.xcconfig */;
			buildSettings = {
				ASSETCATALOG_COMPILER_APPICON_NAME = AppIcon;
				ASSETCATALOG_COMPILER_GLOBAL_ACCENT_COLOR_NAME = AccentColor;
				CODE_SIGN_STYLE = Automatic;
				DEVELOPMENT_ASSET_PATHS = "\"proun-ios-exercise-swiftui/Preview Content\"";
				DEVELOPMENT_TEAM = 5Y9TY9M8N6;
				ENABLE_PREVIEWS = YES;
				INFOPLIST_FILE = "proun-ios-exercise-swiftui/Info.plist";
				IPHONEOS_DEPLOYMENT_TARGET = 14.0;
				LD_RUNPATH_SEARCH_PATHS = (
					"$(inherited)",
					"@executable_path/Frameworks",
				);
				PRODUCT_BUNDLE_IDENTIFIER = "davidtejedor.proun-ios-exercise-swiftui";
				PRODUCT_NAME = "$(TARGET_NAME)";
				SWIFT_VERSION = 5.0;
				TARGETED_DEVICE_FAMILY = "1,2";
			};
			name = Release;
		};
		633A1FE726DFDDA000962421 /* Debug */ = {
			isa = XCBuildConfiguration;
			baseConfigurationReference = B4230D4D1931396D05EE5E99 /* Pods-proun-ios-exercise-swiftuiTests.debug.xcconfig */;
			buildSettings = {
				ALWAYS_EMBED_SWIFT_STANDARD_LIBRARIES = YES;
				BUNDLE_LOADER = "$(TEST_HOST)";
				CODE_SIGN_STYLE = Automatic;
				DEVELOPMENT_TEAM = 5Y9TY9M8N6;
				INFOPLIST_FILE = "proun-ios-exercise-swiftuiTests/Info.plist";
				IPHONEOS_DEPLOYMENT_TARGET = 14.0;
				LD_RUNPATH_SEARCH_PATHS = (
					"$(inherited)",
					"@executable_path/Frameworks",
					"@loader_path/Frameworks",
				);
				PRODUCT_BUNDLE_IDENTIFIER = "davidtejedor.proun-ios-exercise-swiftuiTests";
				PRODUCT_NAME = "$(TARGET_NAME)";
				SWIFT_VERSION = 5.0;
				TARGETED_DEVICE_FAMILY = "1,2";
				TEST_HOST = "$(BUILT_PRODUCTS_DIR)/proun-ios-exercise-swiftui.app/proun-ios-exercise-swiftui";
			};
			name = Debug;
		};
		633A1FE826DFDDA000962421 /* Release */ = {
			isa = XCBuildConfiguration;
			baseConfigurationReference = 77DEDF2DA012392D9D119AD9 /* Pods-proun-ios-exercise-swiftuiTests.release.xcconfig */;
			buildSettings = {
				ALWAYS_EMBED_SWIFT_STANDARD_LIBRARIES = YES;
				BUNDLE_LOADER = "$(TEST_HOST)";
				CODE_SIGN_STYLE = Automatic;
				DEVELOPMENT_TEAM = 5Y9TY9M8N6;
				INFOPLIST_FILE = "proun-ios-exercise-swiftuiTests/Info.plist";
				IPHONEOS_DEPLOYMENT_TARGET = 14.0;
				LD_RUNPATH_SEARCH_PATHS = (
					"$(inherited)",
					"@executable_path/Frameworks",
					"@loader_path/Frameworks",
				);
				PRODUCT_BUNDLE_IDENTIFIER = "davidtejedor.proun-ios-exercise-swiftuiTests";
				PRODUCT_NAME = "$(TARGET_NAME)";
				SWIFT_VERSION = 5.0;
				TARGETED_DEVICE_FAMILY = "1,2";
				TEST_HOST = "$(BUILT_PRODUCTS_DIR)/proun-ios-exercise-swiftui.app/proun-ios-exercise-swiftui";
			};
			name = Release;
		};
		633A1FEA26DFDDA000962421 /* Debug */ = {
			isa = XCBuildConfiguration;
			baseConfigurationReference = 0BCF1315B2EBD307D689D768 /* Pods-proun-ios-exercise-swiftui-proun-ios-exercise-swiftuiUITests.debug.xcconfig */;
			buildSettings = {
				ALWAYS_EMBED_SWIFT_STANDARD_LIBRARIES = YES;
				CODE_SIGN_STYLE = Automatic;
				DEVELOPMENT_TEAM = 5Y9TY9M8N6;
				INFOPLIST_FILE = "proun-ios-exercise-swiftuiUITests/Info.plist";
				LD_RUNPATH_SEARCH_PATHS = (
					"$(inherited)",
					"@executable_path/Frameworks",
					"@loader_path/Frameworks",
				);
				PRODUCT_BUNDLE_IDENTIFIER = "davidtejedor.proun-ios-exercise-swiftuiUITests";
				PRODUCT_NAME = "$(TARGET_NAME)";
				SWIFT_VERSION = 5.0;
				TARGETED_DEVICE_FAMILY = "1,2";
				TEST_TARGET_NAME = "proun-ios-exercise-swiftui";
			};
			name = Debug;
		};
		633A1FEB26DFDDA000962421 /* Release */ = {
			isa = XCBuildConfiguration;
			baseConfigurationReference = C9D1A9069F931B5C3B2CE253 /* Pods-proun-ios-exercise-swiftui-proun-ios-exercise-swiftuiUITests.release.xcconfig */;
			buildSettings = {
				ALWAYS_EMBED_SWIFT_STANDARD_LIBRARIES = YES;
				CODE_SIGN_STYLE = Automatic;
				DEVELOPMENT_TEAM = 5Y9TY9M8N6;
				INFOPLIST_FILE = "proun-ios-exercise-swiftuiUITests/Info.plist";
				LD_RUNPATH_SEARCH_PATHS = (
					"$(inherited)",
					"@executable_path/Frameworks",
					"@loader_path/Frameworks",
				);
				PRODUCT_BUNDLE_IDENTIFIER = "davidtejedor.proun-ios-exercise-swiftuiUITests";
				PRODUCT_NAME = "$(TARGET_NAME)";
				SWIFT_VERSION = 5.0;
				TARGETED_DEVICE_FAMILY = "1,2";
				TEST_TARGET_NAME = "proun-ios-exercise-swiftui";
			};
			name = Release;
		};
/* End XCBuildConfiguration section */

/* Begin XCConfigurationList section */
		633A1FB926DFDD9E00962421 /* Build configuration list for PBXProject "proun-ios-exercise-swiftui" */ = {
			isa = XCConfigurationList;
			buildConfigurations = (
				633A1FE126DFDDA000962421 /* Debug */,
				633A1FE226DFDDA000962421 /* Release */,
			);
			defaultConfigurationIsVisible = 0;
			defaultConfigurationName = Release;
		};
		633A1FE326DFDDA000962421 /* Build configuration list for PBXNativeTarget "proun-ios-exercise-swiftui" */ = {
			isa = XCConfigurationList;
			buildConfigurations = (
				633A1FE426DFDDA000962421 /* Debug */,
				633A1FE526DFDDA000962421 /* Release */,
			);
			defaultConfigurationIsVisible = 0;
			defaultConfigurationName = Release;
		};
		633A1FE626DFDDA000962421 /* Build configuration list for PBXNativeTarget "proun-ios-exercise-swiftuiTests" */ = {
			isa = XCConfigurationList;
			buildConfigurations = (
				633A1FE726DFDDA000962421 /* Debug */,
				633A1FE826DFDDA000962421 /* Release */,
			);
			defaultConfigurationIsVisible = 0;
			defaultConfigurationName = Release;
		};
		633A1FE926DFDDA000962421 /* Build configuration list for PBXNativeTarget "proun-ios-exercise-swiftuiUITests" */ = {
			isa = XCConfigurationList;
			buildConfigurations = (
				633A1FEA26DFDDA000962421 /* Debug */,
				633A1FEB26DFDDA000962421 /* Release */,
			);
			defaultConfigurationIsVisible = 0;
			defaultConfigurationName = Release;
		};
/* End XCConfigurationList section */
	};
	rootObject = 633A1FB626DFDD9E00962421 /* Project object */;
}
